// !$*UTF8*$!
{
	archiveVersion = 1;
	classes = {
	};
	objectVersion = 52;
	objects = {

/* Begin PBXBuildFile section */
		2805C8BE25DEB7F700FE7D56 /* ContentViewModel.swift in Sources */ = {isa = PBXBuildFile; fileRef = 2805C8BD25DEB7F700FE7D56 /* ContentViewModel.swift */; };
		2805C8C225DFAFA600FE7D56 /* FavoriteMarker.swift in Sources */ = {isa = PBXBuildFile; fileRef = 2805C8C125DFAFA600FE7D56 /* FavoriteMarker.swift */; };
		280BD93125FA35AF005568EF /* WidgetKit.framework in Frameworks */ = {isa = PBXBuildFile; fileRef = 284F9CFF25F8E26A0005D714 /* WidgetKit.framework */; };
		280BD93225FA35AF005568EF /* SwiftUI.framework in Frameworks */ = {isa = PBXBuildFile; fileRef = 284F9D0125F8E26A0005D714 /* SwiftUI.framework */; };
		280BD93525FA35AF005568EF /* BikeBuddyWidget.swift in Sources */ = {isa = PBXBuildFile; fileRef = 280BD93425FA35AF005568EF /* BikeBuddyWidget.swift */; };
		280BD93825FA35AF005568EF /* Assets.xcassets in Resources */ = {isa = PBXBuildFile; fileRef = 280BD93725FA35AF005568EF /* Assets.xcassets */; };
		280BD93B25FA35AF005568EF /* BikeBuddyWidget.intentdefinition in Sources */ = {isa = PBXBuildFile; fileRef = 280BD93625FA35AF005568EF /* BikeBuddyWidget.intentdefinition */; };
		280BD93E25FA35AF005568EF /* BikeBuddyWidgetExtension.appex in Embed App Extensions */ = {isa = PBXBuildFile; fileRef = 280BD93025FA35AF005568EF /* BikeBuddyWidgetExtension.appex */; settings = {ATTRIBUTES = (RemoveHeadersOnCopy, ); }; };
		2817785125FA76AE005B8E31 /* Assets.xcassets in Resources */ = {isa = PBXBuildFile; fileRef = 28A21C5E25CEEA150062C7AC /* Assets.xcassets */; };
		2817785525FA76AF005B8E31 /* Assets.xcassets in Resources */ = {isa = PBXBuildFile; fileRef = 28A21C5E25CEEA150062C7AC /* Assets.xcassets */; };
		281C5BDE25D0261E001502BE /* BikeRentalStationViewModel.swift in Sources */ = {isa = PBXBuildFile; fileRef = 281C5BDD25D0261E001502BE /* BikeRentalStationViewModel.swift */; };
		281C5BE925D0294D001502BE /* BikeRentalStationView.swift in Sources */ = {isa = PBXBuildFile; fileRef = 281C5BE825D0294D001502BE /* BikeRentalStationView.swift */; };
		282D51A325DE999B00523C12 /* BikeRentalStationsListView.swift in Sources */ = {isa = PBXBuildFile; fileRef = 282D51A225DE999B00523C12 /* BikeRentalStationsListView.swift */; };
		28335B4825D3AE3500F447D5 /* CapacityBar.swift in Sources */ = {isa = PBXBuildFile; fileRef = 28335B4725D3AE3500F447D5 /* CapacityBar.swift */; };
		283D90A225D7E0B30007434E /* FetchBikeRentalStationByStationId.graphql in Resources */ = {isa = PBXBuildFile; fileRef = 283D90A125D7E0B30007434E /* FetchBikeRentalStationByStationId.graphql */; };
		284F9CF225F8C4780005D714 /* SettingsViewModel.swift in Sources */ = {isa = PBXBuildFile; fileRef = 284F9CF125F8C4780005D714 /* SettingsViewModel.swift */; };
		284F9CF625F8CDEC0005D714 /* PrettyButton.swift in Sources */ = {isa = PBXBuildFile; fileRef = 284F9CF525F8CDEC0005D714 /* PrettyButton.swift */; };
		285525F625D65CBC00098676 /* BikeRentalStationStorage.swift in Sources */ = {isa = PBXBuildFile; fileRef = 285525F525D65CBC00098676 /* BikeRentalStationStorage.swift */; };
		285D341E25FA372700ED13E3 /* BikeBuddyWidget.intentdefinition in Sources */ = {isa = PBXBuildFile; fileRef = 280BD93625FA35AF005568EF /* BikeBuddyWidget.intentdefinition */; };
		285D342825FA376500ED13E3 /* Intents.framework in Frameworks */ = {isa = PBXBuildFile; fileRef = 28DB3B4B25F8EC25004DA791 /* Intents.framework */; };
		285D342B25FA376500ED13E3 /* IntentHandler.swift in Sources */ = {isa = PBXBuildFile; fileRef = 285D342A25FA376500ED13E3 /* IntentHandler.swift */; };
		285D342F25FA376500ED13E3 /* BikeBuddyIntention.appex in Embed App Extensions */ = {isa = PBXBuildFile; fileRef = 285D342725FA376500ED13E3 /* BikeBuddyIntention.appex */; settings = {ATTRIBUTES = (RemoveHeadersOnCopy, ); }; };
		285D344425FA37B300ED13E3 /* BikeRentalStationStorage.swift in Sources */ = {isa = PBXBuildFile; fileRef = 285525F525D65CBC00098676 /* BikeRentalStationStorage.swift */; };
		285D344825FA37B500ED13E3 /* Helper.swift in Sources */ = {isa = PBXBuildFile; fileRef = 281C5BB225D0111D001502BE /* Helper.swift */; };
		285D344C25FA37B600ED13E3 /* Helper.swift in Sources */ = {isa = PBXBuildFile; fileRef = 281C5BB225D0111D001502BE /* Helper.swift */; };
		285D345025FA37CA00ED13E3 /* RentalStation.swift in Sources */ = {isa = PBXBuildFile; fileRef = 2898614025D93F900007D137 /* RentalStation.swift */; };
		285D345125FA37CA00ED13E3 /* ManagedBikeRentalStation+CoreDataClass.swift in Sources */ = {isa = PBXBuildFile; fileRef = 2884BDCE25D00D9000747091 /* ManagedBikeRentalStation+CoreDataClass.swift */; };
		285D345225FA37CA00ED13E3 /* UnmanagedBikeRentalStation.swift in Sources */ = {isa = PBXBuildFile; fileRef = 2898614825D944C80007D137 /* UnmanagedBikeRentalStation.swift */; };
		285D345325FA37CA00ED13E3 /* ManagedBikeRentalStation+CoreDataProperties.swift in Sources */ = {isa = PBXBuildFile; fileRef = 2884BDCF25D00D9000747091 /* ManagedBikeRentalStation+CoreDataProperties.swift */; };
		285D345425FA37CA00ED13E3 /* ManagedBikeRentalStationExtension.swift in Sources */ = {isa = PBXBuildFile; fileRef = 28CFB61925D1B3DF002E006A /* ManagedBikeRentalStationExtension.swift */; };
		285D345825FA37CA00ED13E3 /* RentalStation.swift in Sources */ = {isa = PBXBuildFile; fileRef = 2898614025D93F900007D137 /* RentalStation.swift */; };
		285D345925FA37CA00ED13E3 /* ManagedBikeRentalStation+CoreDataClass.swift in Sources */ = {isa = PBXBuildFile; fileRef = 2884BDCE25D00D9000747091 /* ManagedBikeRentalStation+CoreDataClass.swift */; };
		285D345A25FA37CA00ED13E3 /* UnmanagedBikeRentalStation.swift in Sources */ = {isa = PBXBuildFile; fileRef = 2898614825D944C80007D137 /* UnmanagedBikeRentalStation.swift */; };
		285D345B25FA37CA00ED13E3 /* ManagedBikeRentalStation+CoreDataProperties.swift in Sources */ = {isa = PBXBuildFile; fileRef = 2884BDCF25D00D9000747091 /* ManagedBikeRentalStation+CoreDataProperties.swift */; };
		285D345C25FA37CA00ED13E3 /* ManagedBikeRentalStationExtension.swift in Sources */ = {isa = PBXBuildFile; fileRef = 28CFB61925D1B3DF002E006A /* ManagedBikeRentalStationExtension.swift */; };
		285D346325FA37DF00ED13E3 /* Persistence.swift in Sources */ = {isa = PBXBuildFile; fileRef = 28A21C6325CEEA150062C7AC /* Persistence.swift */; };
		285D346725FA37DF00ED13E3 /* Persistence.swift in Sources */ = {isa = PBXBuildFile; fileRef = 28A21C6325CEEA150062C7AC /* Persistence.swift */; };
		285D346E25FA38FA00ED13E3 /* IntentHandler.swift in Sources */ = {isa = PBXBuildFile; fileRef = 285D342A25FA376500ED13E3 /* IntentHandler.swift */; };
		285D347225FA38FF00ED13E3 /* IntentHandler.swift in Sources */ = {isa = PBXBuildFile; fileRef = 285D342A25FA376500ED13E3 /* IntentHandler.swift */; };
		285D347C25FA3BEE00ED13E3 /* BikeBuddyWidget.intentdefinition in Sources */ = {isa = PBXBuildFile; fileRef = 280BD93625FA35AF005568EF /* BikeBuddyWidget.intentdefinition */; };
		285D34A125FA454400ED13E3 /* HelsinkiBikeBuddy.xcdatamodeld in Sources */ = {isa = PBXBuildFile; fileRef = 28A21C6525CEEA150062C7AC /* HelsinkiBikeBuddy.xcdatamodeld */; };
		285D34A525FA454400ED13E3 /* HelsinkiBikeBuddy.xcdatamodeld in Sources */ = {isa = PBXBuildFile; fileRef = 28A21C6525CEEA150062C7AC /* HelsinkiBikeBuddy.xcdatamodeld */; };
		285D34A925FA4F0E00ED13E3 /* BikeRentalService.swift in Sources */ = {isa = PBXBuildFile; fileRef = 28CA9DB525D6B6480050380C /* BikeRentalService.swift */; };
		285D34AE25FA4F1D00ED13E3 /* Apollo in Frameworks */ = {isa = PBXBuildFile; productRef = 285D34AD25FA4F1D00ED13E3 /* Apollo */; };
		285D34B025FA4F2200ED13E3 /* ApolloWebSocket in Frameworks */ = {isa = PBXBuildFile; productRef = 285D34AF25FA4F2200ED13E3 /* ApolloWebSocket */; };
		285D34B225FA4F2500ED13E3 /* Reachability in Frameworks */ = {isa = PBXBuildFile; productRef = 285D34B125FA4F2500ED13E3 /* Reachability */; };
		285D34B625FA4F4200ED13E3 /* API.swift in Sources */ = {isa = PBXBuildFile; fileRef = 28A120A725CEF5DC005CAD77 /* API.swift */; };
		285D34BA25FA4F4700ED13E3 /* ReachabilityObserverDelegate.swift in Sources */ = {isa = PBXBuildFile; fileRef = 28C97BDF25F0C6580062FA00 /* ReachabilityObserverDelegate.swift */; };
		285D34BE25FA4F5C00ED13E3 /* UserLocationManager.swift in Sources */ = {isa = PBXBuildFile; fileRef = 28335B5C25D3CAAA00F447D5 /* UserLocationManager.swift */; };
		285D34C225FA4F7100ED13E3 /* UserSettingsManager.swift in Sources */ = {isa = PBXBuildFile; fileRef = 28C97BF125F2473C0062FA00 /* UserSettingsManager.swift */; };
		285D34C625FA732600ED13E3 /* CapacityBar.swift in Sources */ = {isa = PBXBuildFile; fileRef = 28335B4725D3AE3500F447D5 /* CapacityBar.swift */; };
		285D34CA25FA732700ED13E3 /* CapacityBar.swift in Sources */ = {isa = PBXBuildFile; fileRef = 28335B4725D3AE3500F447D5 /* CapacityBar.swift */; };
		2872725225FBBC7800604A44 /* PermissionsPromptView.swift in Sources */ = {isa = PBXBuildFile; fileRef = 2872725125FBBC7800604A44 /* PermissionsPromptView.swift */; };
		287D833326039D0700426B33 /* UserLocationManager.swift in Sources */ = {isa = PBXBuildFile; fileRef = 28335B5C25D3CAAA00F447D5 /* UserLocationManager.swift */; };
		287D833A26039D0B00426B33 /* UserSettingsManager.swift in Sources */ = {isa = PBXBuildFile; fileRef = 28C97BF125F2473C0062FA00 /* UserSettingsManager.swift */; };
		287D834126039D2700426B33 /* BikeRentalStationStorage.swift in Sources */ = {isa = PBXBuildFile; fileRef = 285525F525D65CBC00098676 /* BikeRentalStationStorage.swift */; };
		287D834526039D2D00426B33 /* UserSettingsManager.swift in Sources */ = {isa = PBXBuildFile; fileRef = 28C97BF125F2473C0062FA00 /* UserSettingsManager.swift */; };
		287D834926039D3000426B33 /* UserLocationManager.swift in Sources */ = {isa = PBXBuildFile; fileRef = 28335B5C25D3CAAA00F447D5 /* UserLocationManager.swift */; };
		287D834D26039D4300426B33 /* BikeRentalService.swift in Sources */ = {isa = PBXBuildFile; fileRef = 28CA9DB525D6B6480050380C /* BikeRentalService.swift */; };
		287D835126039D4600426B33 /* ReachabilityObserverDelegate.swift in Sources */ = {isa = PBXBuildFile; fileRef = 28C97BDF25F0C6580062FA00 /* ReachabilityObserverDelegate.swift */; };
		287D835526039D6100426B33 /* API.swift in Sources */ = {isa = PBXBuildFile; fileRef = 28A120A725CEF5DC005CAD77 /* API.swift */; };
		287D835A26039D7F00426B33 /* Apollo in Frameworks */ = {isa = PBXBuildFile; productRef = 287D835926039D7F00426B33 /* Apollo */; };
		287D835C26039D8200426B33 /* ApolloWebSocket in Frameworks */ = {isa = PBXBuildFile; productRef = 287D835B26039D8200426B33 /* ApolloWebSocket */; };
		287D835E26039D8800426B33 /* Reachability in Frameworks */ = {isa = PBXBuildFile; productRef = 287D835D26039D8800426B33 /* Reachability */; };
		2884BDD025D00D9000747091 /* ManagedBikeRentalStation+CoreDataClass.swift in Sources */ = {isa = PBXBuildFile; fileRef = 2884BDCE25D00D9000747091 /* ManagedBikeRentalStation+CoreDataClass.swift */; };
		2884BDD125D00D9000747091 /* ManagedBikeRentalStation+CoreDataProperties.swift in Sources */ = {isa = PBXBuildFile; fileRef = 2884BDCF25D00D9000747091 /* ManagedBikeRentalStation+CoreDataProperties.swift */; };
		28851D1A25F7AAC800C08F86 /* SettingsView.swift in Sources */ = {isa = PBXBuildFile; fileRef = 28851D1925F7AAC800C08F86 /* SettingsView.swift */; };
		2898613A25D93D5B0007D137 /* FetchNearByBikeRentalStations.graphql in Resources */ = {isa = PBXBuildFile; fileRef = 2898613925D93D5B0007D137 /* FetchNearByBikeRentalStations.graphql */; };
		2898614125D93F900007D137 /* RentalStation.swift in Sources */ = {isa = PBXBuildFile; fileRef = 2898614025D93F900007D137 /* RentalStation.swift */; };
		2898614925D944C80007D137 /* UnmanagedBikeRentalStation.swift in Sources */ = {isa = PBXBuildFile; fileRef = 2898614825D944C80007D137 /* UnmanagedBikeRentalStation.swift */; };
		28A120A825CEF5DC005CAD77 /* API.swift in Sources */ = {isa = PBXBuildFile; fileRef = 28A120A725CEF5DC005CAD77 /* API.swift */; };
		28A21C5B25CEEA140062C7AC /* HelsinkiBikeBuddyApp.swift in Sources */ = {isa = PBXBuildFile; fileRef = 28A21C5A25CEEA140062C7AC /* HelsinkiBikeBuddyApp.swift */; };
		28A21C5D25CEEA140062C7AC /* ContentView.swift in Sources */ = {isa = PBXBuildFile; fileRef = 28A21C5C25CEEA140062C7AC /* ContentView.swift */; };
		28A21C5F25CEEA150062C7AC /* Assets.xcassets in Resources */ = {isa = PBXBuildFile; fileRef = 28A21C5E25CEEA150062C7AC /* Assets.xcassets */; };
		28A21C6225CEEA150062C7AC /* Preview Assets.xcassets in Resources */ = {isa = PBXBuildFile; fileRef = 28A21C6125CEEA150062C7AC /* Preview Assets.xcassets */; };
		28A21C6425CEEA150062C7AC /* Persistence.swift in Sources */ = {isa = PBXBuildFile; fileRef = 28A21C6325CEEA150062C7AC /* Persistence.swift */; };
		28A21C6725CEEA150062C7AC /* HelsinkiBikeBuddy.xcdatamodeld in Sources */ = {isa = PBXBuildFile; fileRef = 28A21C6525CEEA150062C7AC /* HelsinkiBikeBuddy.xcdatamodeld */; };
		28A21C8F25CEED6B0062C7AC /* Apollo in Frameworks */ = {isa = PBXBuildFile; productRef = 28A21C8E25CEED6B0062C7AC /* Apollo */; };
		28A21C9125CEED6B0062C7AC /* ApolloWebSocket in Frameworks */ = {isa = PBXBuildFile; productRef = 28A21C9025CEED6B0062C7AC /* ApolloWebSocket */; };
		28A21C9B25CEEEBC0062C7AC /* schema.json in Resources */ = {isa = PBXBuildFile; fileRef = 28A21C9A25CEEEBC0062C7AC /* schema.json */; };
		28A21CA025CEEF040062C7AC /* AllBikeRentalStations.graphql in Resources */ = {isa = PBXBuildFile; fileRef = 28A21C9F25CEEF040062C7AC /* AllBikeRentalStations.graphql */; };
		28A21CB625CEF1800062C7AC /* .swiftlint.yml in Resources */ = {isa = PBXBuildFile; fileRef = 28A21CB525CEF1800062C7AC /* .swiftlint.yml */; };
		28B0465825DFDE9100ADFBF1 /* BikeRentalStationsListViewModel.swift in Sources */ = {isa = PBXBuildFile; fileRef = 282D519825DE96BB00523C12 /* BikeRentalStationsListViewModel.swift */; };
		28B0465D25E1230A00ADFBF1 /* DetailedBikeRentalStationView.swift in Sources */ = {isa = PBXBuildFile; fileRef = 28B0465C25E1230A00ADFBF1 /* DetailedBikeRentalStationView.swift */; };
		28B0466225E125FE00ADFBF1 /* DetailedBikeRentalStationViewModel.swift in Sources */ = {isa = PBXBuildFile; fileRef = 28B0466125E125FE00ADFBF1 /* DetailedBikeRentalStationViewModel.swift */; };
		28C97BDC25F0C0B90062FA00 /* Reachability in Frameworks */ = {isa = PBXBuildFile; productRef = 28C97BDB25F0C0B90062FA00 /* Reachability */; };
		28C97BE025F0C6580062FA00 /* ReachabilityObserverDelegate.swift in Sources */ = {isa = PBXBuildFile; fileRef = 28C97BDF25F0C6580062FA00 /* ReachabilityObserverDelegate.swift */; };
		28C97BEC25F2082F0062FA00 /* MapViewUIRep.swift in Sources */ = {isa = PBXBuildFile; fileRef = 28C97BEB25F2082F0062FA00 /* MapViewUIRep.swift */; };
		28C97BF625F25B0E0062FA00 /* OverlayContentView.swift in Sources */ = {isa = PBXBuildFile; fileRef = 28C97BF525F25B0E0062FA00 /* OverlayContentView.swift */; };
		28C97BFA25F25B2C0062FA00 /* OverlayContentViewController.swift in Sources */ = {isa = PBXBuildFile; fileRef = 28C97BF925F25B2C0062FA00 /* OverlayContentViewController.swift */; };
		28CA9DB625D6B6480050380C /* BikeRentalService.swift in Sources */ = {isa = PBXBuildFile; fileRef = 28CA9DB525D6B6480050380C /* BikeRentalService.swift */; };
		28CFB61A25D1B3DF002E006A /* ManagedBikeRentalStationExtension.swift in Sources */ = {isa = PBXBuildFile; fileRef = 28CFB61925D1B3DF002E006A /* ManagedBikeRentalStationExtension.swift */; };
		28D0F98B25FA129C008FC736 /* Helper.swift in Sources */ = {isa = PBXBuildFile; fileRef = 281C5BB225D0111D001502BE /* Helper.swift */; };
		28E3A98C2608FA0E0093BC1B /* HBB_Screen1.png in Resources */ = {isa = PBXBuildFile; fileRef = 28E3A98B2608FA0E0093BC1B /* HBB_Screen1.png */; };
/* End PBXBuildFile section */

/* Begin PBXContainerItemProxy section */
		280BD93C25FA35AF005568EF /* PBXContainerItemProxy */ = {
			isa = PBXContainerItemProxy;
			containerPortal = 28A21C4F25CEEA140062C7AC /* Project object */;
			proxyType = 1;
			remoteGlobalIDString = 280BD92F25FA35AF005568EF;
			remoteInfo = BikeBuddyWidgetExtension;
		};
		285D342D25FA376500ED13E3 /* PBXContainerItemProxy */ = {
			isa = PBXContainerItemProxy;
			containerPortal = 28A21C4F25CEEA140062C7AC /* Project object */;
			proxyType = 1;
			remoteGlobalIDString = 285D342625FA376500ED13E3;
			remoteInfo = BikeBuddyIntention;
		};
/* End PBXContainerItemProxy section */

/* Begin PBXCopyFilesBuildPhase section */
		284F9D1225F8E26C0005D714 /* Embed App Extensions */ = {
			isa = PBXCopyFilesBuildPhase;
			buildActionMask = 2147483647;
			dstPath = "";
			dstSubfolderSpec = 13;
			files = (
				280BD93E25FA35AF005568EF /* BikeBuddyWidgetExtension.appex in Embed App Extensions */,
				285D342F25FA376500ED13E3 /* BikeBuddyIntention.appex in Embed App Extensions */,
			);
			name = "Embed App Extensions";
			runOnlyForDeploymentPostprocessing = 0;
		};
/* End PBXCopyFilesBuildPhase section */

/* Begin PBXFileReference section */
		2805C8BD25DEB7F700FE7D56 /* ContentViewModel.swift */ = {isa = PBXFileReference; lastKnownFileType = sourcecode.swift; path = ContentViewModel.swift; sourceTree = "<group>"; };
		2805C8C125DFAFA600FE7D56 /* FavoriteMarker.swift */ = {isa = PBXFileReference; lastKnownFileType = sourcecode.swift; path = FavoriteMarker.swift; sourceTree = "<group>"; };
		280BD93025FA35AF005568EF /* BikeBuddyWidgetExtension.appex */ = {isa = PBXFileReference; explicitFileType = "wrapper.app-extension"; includeInIndex = 0; path = BikeBuddyWidgetExtension.appex; sourceTree = BUILT_PRODUCTS_DIR; };
		280BD93425FA35AF005568EF /* BikeBuddyWidget.swift */ = {isa = PBXFileReference; lastKnownFileType = sourcecode.swift; path = BikeBuddyWidget.swift; sourceTree = "<group>"; };
		280BD93625FA35AF005568EF /* BikeBuddyWidget.intentdefinition */ = {isa = PBXFileReference; lastKnownFileType = file.intentdefinition; path = BikeBuddyWidget.intentdefinition; sourceTree = "<group>"; };
		280BD93725FA35AF005568EF /* Assets.xcassets */ = {isa = PBXFileReference; lastKnownFileType = folder.assetcatalog; path = Assets.xcassets; sourceTree = "<group>"; };
		280BD93925FA35AF005568EF /* Info.plist */ = {isa = PBXFileReference; lastKnownFileType = text.plist.xml; path = Info.plist; sourceTree = "<group>"; };
		281C5BB225D0111D001502BE /* Helper.swift */ = {isa = PBXFileReference; lastKnownFileType = sourcecode.swift; path = Helper.swift; sourceTree = "<group>"; };
		281C5BDD25D0261E001502BE /* BikeRentalStationViewModel.swift */ = {isa = PBXFileReference; lastKnownFileType = sourcecode.swift; path = BikeRentalStationViewModel.swift; sourceTree = "<group>"; };
		281C5BE825D0294D001502BE /* BikeRentalStationView.swift */ = {isa = PBXFileReference; lastKnownFileType = sourcecode.swift; path = BikeRentalStationView.swift; sourceTree = "<group>"; };
		282D519825DE96BB00523C12 /* BikeRentalStationsListViewModel.swift */ = {isa = PBXFileReference; lastKnownFileType = sourcecode.swift; path = BikeRentalStationsListViewModel.swift; sourceTree = "<group>"; };
		282D51A225DE999B00523C12 /* BikeRentalStationsListView.swift */ = {isa = PBXFileReference; lastKnownFileType = sourcecode.swift; name = BikeRentalStationsListView.swift; path = HelsinkiBikeBuddy/views/BikeRentalStationsListView.swift; sourceTree = SOURCE_ROOT; };
		28335B4725D3AE3500F447D5 /* CapacityBar.swift */ = {isa = PBXFileReference; lastKnownFileType = sourcecode.swift; path = CapacityBar.swift; sourceTree = "<group>"; };
		28335B5C25D3CAAA00F447D5 /* UserLocationManager.swift */ = {isa = PBXFileReference; lastKnownFileType = sourcecode.swift; path = UserLocationManager.swift; sourceTree = "<group>"; };
		283D90A125D7E0B30007434E /* FetchBikeRentalStationByStationId.graphql */ = {isa = PBXFileReference; lastKnownFileType = text; path = FetchBikeRentalStationByStationId.graphql; sourceTree = "<group>"; };
		284F9CF125F8C4780005D714 /* SettingsViewModel.swift */ = {isa = PBXFileReference; lastKnownFileType = sourcecode.swift; path = SettingsViewModel.swift; sourceTree = "<group>"; };
		284F9CF525F8CDEC0005D714 /* PrettyButton.swift */ = {isa = PBXFileReference; lastKnownFileType = sourcecode.swift; path = PrettyButton.swift; sourceTree = "<group>"; };
		284F9CFF25F8E26A0005D714 /* WidgetKit.framework */ = {isa = PBXFileReference; lastKnownFileType = wrapper.framework; name = WidgetKit.framework; path = System/Library/Frameworks/WidgetKit.framework; sourceTree = SDKROOT; };
		284F9D0125F8E26A0005D714 /* SwiftUI.framework */ = {isa = PBXFileReference; lastKnownFileType = wrapper.framework; name = SwiftUI.framework; path = System/Library/Frameworks/SwiftUI.framework; sourceTree = SDKROOT; };
		285525F525D65CBC00098676 /* BikeRentalStationStorage.swift */ = {isa = PBXFileReference; lastKnownFileType = sourcecode.swift; path = BikeRentalStationStorage.swift; sourceTree = "<group>"; };
		285D342725FA376500ED13E3 /* BikeBuddyIntention.appex */ = {isa = PBXFileReference; explicitFileType = "wrapper.app-extension"; includeInIndex = 0; path = BikeBuddyIntention.appex; sourceTree = BUILT_PRODUCTS_DIR; };
		285D342A25FA376500ED13E3 /* IntentHandler.swift */ = {isa = PBXFileReference; lastKnownFileType = sourcecode.swift; path = IntentHandler.swift; sourceTree = "<group>"; };
		285D342C25FA376500ED13E3 /* Info.plist */ = {isa = PBXFileReference; lastKnownFileType = text.plist.xml; path = Info.plist; sourceTree = "<group>"; };
		285D349525FA41B000ED13E3 /* HelsinkiBikeBuddy.entitlements */ = {isa = PBXFileReference; lastKnownFileType = text.plist.entitlements; path = HelsinkiBikeBuddy.entitlements; sourceTree = "<group>"; };
		285D349925FA421A00ED13E3 /* BikeBuddyWidgetExtension.entitlements */ = {isa = PBXFileReference; lastKnownFileType = text.plist.entitlements; path = BikeBuddyWidgetExtension.entitlements; sourceTree = "<group>"; };
		285D349D25FA427500ED13E3 /* BikeBuddyIntention.entitlements */ = {isa = PBXFileReference; lastKnownFileType = text.plist.entitlements; path = BikeBuddyIntention.entitlements; sourceTree = "<group>"; };
		2872725125FBBC7800604A44 /* PermissionsPromptView.swift */ = {isa = PBXFileReference; lastKnownFileType = sourcecode.swift; path = PermissionsPromptView.swift; sourceTree = "<group>"; };
		2884BDCE25D00D9000747091 /* ManagedBikeRentalStation+CoreDataClass.swift */ = {isa = PBXFileReference; lastKnownFileType = sourcecode.swift; path = "ManagedBikeRentalStation+CoreDataClass.swift"; sourceTree = "<group>"; };
		2884BDCF25D00D9000747091 /* ManagedBikeRentalStation+CoreDataProperties.swift */ = {isa = PBXFileReference; lastKnownFileType = sourcecode.swift; path = "ManagedBikeRentalStation+CoreDataProperties.swift"; sourceTree = "<group>"; };
		28851D1925F7AAC800C08F86 /* SettingsView.swift */ = {isa = PBXFileReference; lastKnownFileType = sourcecode.swift; path = SettingsView.swift; sourceTree = "<group>"; };
		2898613925D93D5B0007D137 /* FetchNearByBikeRentalStations.graphql */ = {isa = PBXFileReference; lastKnownFileType = text; path = FetchNearByBikeRentalStations.graphql; sourceTree = "<group>"; };
		2898614025D93F900007D137 /* RentalStation.swift */ = {isa = PBXFileReference; lastKnownFileType = sourcecode.swift; path = RentalStation.swift; sourceTree = "<group>"; };
		2898614825D944C80007D137 /* UnmanagedBikeRentalStation.swift */ = {isa = PBXFileReference; lastKnownFileType = sourcecode.swift; path = UnmanagedBikeRentalStation.swift; sourceTree = "<group>"; };
		28A120A725CEF5DC005CAD77 /* API.swift */ = {isa = PBXFileReference; fileEncoding = 4; lastKnownFileType = sourcecode.swift; path = API.swift; sourceTree = "<group>"; };
		28A21C5725CEEA140062C7AC /* HelsinkiBikeBuddy.app */ = {isa = PBXFileReference; explicitFileType = wrapper.application; includeInIndex = 0; path = HelsinkiBikeBuddy.app; sourceTree = BUILT_PRODUCTS_DIR; };
		28A21C5A25CEEA140062C7AC /* HelsinkiBikeBuddyApp.swift */ = {isa = PBXFileReference; lastKnownFileType = sourcecode.swift; path = HelsinkiBikeBuddyApp.swift; sourceTree = "<group>"; };
		28A21C5C25CEEA140062C7AC /* ContentView.swift */ = {isa = PBXFileReference; lastKnownFileType = sourcecode.swift; path = ContentView.swift; sourceTree = "<group>"; };
		28A21C5E25CEEA150062C7AC /* Assets.xcassets */ = {isa = PBXFileReference; lastKnownFileType = folder.assetcatalog; path = Assets.xcassets; sourceTree = "<group>"; };
		28A21C6125CEEA150062C7AC /* Preview Assets.xcassets */ = {isa = PBXFileReference; lastKnownFileType = folder.assetcatalog; path = "Preview Assets.xcassets"; sourceTree = "<group>"; };
		28A21C6325CEEA150062C7AC /* Persistence.swift */ = {isa = PBXFileReference; lastKnownFileType = sourcecode.swift; path = Persistence.swift; sourceTree = "<group>"; };
		28A21C6625CEEA150062C7AC /* HelsinkiBikeBuddy.xcdatamodel */ = {isa = PBXFileReference; lastKnownFileType = wrapper.xcdatamodel; path = HelsinkiBikeBuddy.xcdatamodel; sourceTree = "<group>"; };
		28A21C6825CEEA150062C7AC /* Info.plist */ = {isa = PBXFileReference; lastKnownFileType = text.plist.xml; path = Info.plist; sourceTree = "<group>"; };
		28A21C9A25CEEEBC0062C7AC /* schema.json */ = {isa = PBXFileReference; fileEncoding = 4; lastKnownFileType = text.json; path = schema.json; sourceTree = "<group>"; };
		28A21C9F25CEEF040062C7AC /* AllBikeRentalStations.graphql */ = {isa = PBXFileReference; lastKnownFileType = text; path = AllBikeRentalStations.graphql; sourceTree = "<group>"; };
		28A21CB525CEF1800062C7AC /* .swiftlint.yml */ = {isa = PBXFileReference; fileEncoding = 4; lastKnownFileType = text.yaml; path = .swiftlint.yml; sourceTree = "<group>"; };
		28B0465C25E1230A00ADFBF1 /* DetailedBikeRentalStationView.swift */ = {isa = PBXFileReference; lastKnownFileType = sourcecode.swift; path = DetailedBikeRentalStationView.swift; sourceTree = "<group>"; };
		28B0466125E125FE00ADFBF1 /* DetailedBikeRentalStationViewModel.swift */ = {isa = PBXFileReference; lastKnownFileType = sourcecode.swift; path = DetailedBikeRentalStationViewModel.swift; sourceTree = "<group>"; };
		28C97BDF25F0C6580062FA00 /* ReachabilityObserverDelegate.swift */ = {isa = PBXFileReference; lastKnownFileType = sourcecode.swift; path = ReachabilityObserverDelegate.swift; sourceTree = "<group>"; };
		28C97BEB25F2082F0062FA00 /* MapViewUIRep.swift */ = {isa = PBXFileReference; lastKnownFileType = sourcecode.swift; path = MapViewUIRep.swift; sourceTree = "<group>"; };
		28C97BF125F2473C0062FA00 /* UserSettingsManager.swift */ = {isa = PBXFileReference; lastKnownFileType = sourcecode.swift; path = UserSettingsManager.swift; sourceTree = "<group>"; };
		28C97BF525F25B0E0062FA00 /* OverlayContentView.swift */ = {isa = PBXFileReference; lastKnownFileType = sourcecode.swift; path = OverlayContentView.swift; sourceTree = "<group>"; };
		28C97BF925F25B2C0062FA00 /* OverlayContentViewController.swift */ = {isa = PBXFileReference; lastKnownFileType = sourcecode.swift; path = OverlayContentViewController.swift; sourceTree = "<group>"; };
		28CA9DB525D6B6480050380C /* BikeRentalService.swift */ = {isa = PBXFileReference; lastKnownFileType = sourcecode.swift; path = BikeRentalService.swift; sourceTree = "<group>"; };
		28CFB61925D1B3DF002E006A /* ManagedBikeRentalStationExtension.swift */ = {isa = PBXFileReference; lastKnownFileType = sourcecode.swift; path = ManagedBikeRentalStationExtension.swift; sourceTree = "<group>"; };
		28DB3B4B25F8EC25004DA791 /* Intents.framework */ = {isa = PBXFileReference; lastKnownFileType = wrapper.framework; name = Intents.framework; path = System/Library/Frameworks/Intents.framework; sourceTree = SDKROOT; };
		28DB3B5625F8EC25004DA791 /* IntentsUI.framework */ = {isa = PBXFileReference; lastKnownFileType = wrapper.framework; name = IntentsUI.framework; path = System/Library/Frameworks/IntentsUI.framework; sourceTree = SDKROOT; };
		28E3A9862608D8610093BC1B /* README.md */ = {isa = PBXFileReference; lastKnownFileType = net.daringfireball.markdown; path = README.md; sourceTree = "<group>"; };
		28E3A98B2608FA0E0093BC1B /* HBB_Screen1.png */ = {isa = PBXFileReference; lastKnownFileType = image.png; path = HBB_Screen1.png; sourceTree = "<group>"; };
/* End PBXFileReference section */

/* Begin PBXFrameworksBuildPhase section */
		280BD92D25FA35AF005568EF /* Frameworks */ = {
			isa = PBXFrameworksBuildPhase;
			buildActionMask = 2147483647;
			files = (
				280BD93225FA35AF005568EF /* SwiftUI.framework in Frameworks */,
				285D34B025FA4F2200ED13E3 /* ApolloWebSocket in Frameworks */,
				285D34B225FA4F2500ED13E3 /* Reachability in Frameworks */,
				285D34AE25FA4F1D00ED13E3 /* Apollo in Frameworks */,
				280BD93125FA35AF005568EF /* WidgetKit.framework in Frameworks */,
			);
			runOnlyForDeploymentPostprocessing = 0;
		};
		285D342425FA376500ED13E3 /* Frameworks */ = {
			isa = PBXFrameworksBuildPhase;
			buildActionMask = 2147483647;
			files = (
				285D342825FA376500ED13E3 /* Intents.framework in Frameworks */,
				287D835E26039D8800426B33 /* Reachability in Frameworks */,
				287D835C26039D8200426B33 /* ApolloWebSocket in Frameworks */,
				287D835A26039D7F00426B33 /* Apollo in Frameworks */,
			);
			runOnlyForDeploymentPostprocessing = 0;
		};
		28A21C5425CEEA140062C7AC /* Frameworks */ = {
			isa = PBXFrameworksBuildPhase;
			buildActionMask = 2147483647;
			files = (
				28A21C8F25CEED6B0062C7AC /* Apollo in Frameworks */,
				28C97BDC25F0C0B90062FA00 /* Reachability in Frameworks */,
				28A21C9125CEED6B0062C7AC /* ApolloWebSocket in Frameworks */,
			);
			runOnlyForDeploymentPostprocessing = 0;
		};
/* End PBXFrameworksBuildPhase section */

/* Begin PBXGroup section */
		280BD93325FA35AF005568EF /* BikeBuddyWidget */ = {
			isa = PBXGroup;
			children = (
				280BD93425FA35AF005568EF /* BikeBuddyWidget.swift */,
				280BD93625FA35AF005568EF /* BikeBuddyWidget.intentdefinition */,
				280BD93725FA35AF005568EF /* Assets.xcassets */,
				280BD93925FA35AF005568EF /* Info.plist */,
			);
			path = BikeBuddyWidget;
			sourceTree = "<group>";
		};
		281C5BA725D0102F001502BE /* viewmodels */ = {
			isa = PBXGroup;
			children = (
				281C5BDD25D0261E001502BE /* BikeRentalStationViewModel.swift */,
				282D519825DE96BB00523C12 /* BikeRentalStationsListViewModel.swift */,
				2805C8BD25DEB7F700FE7D56 /* ContentViewModel.swift */,
				28B0466125E125FE00ADFBF1 /* DetailedBikeRentalStationViewModel.swift */,
				28C97BF925F25B2C0062FA00 /* OverlayContentViewController.swift */,
				284F9CF125F8C4780005D714 /* SettingsViewModel.swift */,
			);
			path = viewmodels;
			sourceTree = "<group>";
		};
		281C5BA825D0103B001502BE /* views */ = {
			isa = PBXGroup;
			children = (
				282D51A225DE999B00523C12 /* BikeRentalStationsListView.swift */,
				28335B4625D3AE2A00F447D5 /* components */,
				281C5BE825D0294D001502BE /* BikeRentalStationView.swift */,
				28B0465C25E1230A00ADFBF1 /* DetailedBikeRentalStationView.swift */,
				28C97BF525F25B0E0062FA00 /* OverlayContentView.swift */,
				28851D1925F7AAC800C08F86 /* SettingsView.swift */,
				2872725125FBBC7800604A44 /* PermissionsPromptView.swift */,
			);
			path = views;
			sourceTree = "<group>";
		};
		281C5BB125D01115001502BE /* logic */ = {
			isa = PBXGroup;
			children = (
				281C5BB225D0111D001502BE /* Helper.swift */,
				28335B5C25D3CAAA00F447D5 /* UserLocationManager.swift */,
				28C97BF125F2473C0062FA00 /* UserSettingsManager.swift */,
			);
			path = logic;
			sourceTree = "<group>";
		};
		28335B4625D3AE2A00F447D5 /* components */ = {
			isa = PBXGroup;
			children = (
				28335B4725D3AE3500F447D5 /* CapacityBar.swift */,
				2805C8C125DFAFA600FE7D56 /* FavoriteMarker.swift */,
				28C97BEB25F2082F0062FA00 /* MapViewUIRep.swift */,
				284F9CF525F8CDEC0005D714 /* PrettyButton.swift */,
			);
			path = components;
			sourceTree = "<group>";
		};
		284F9CFE25F8E26A0005D714 /* Frameworks */ = {
			isa = PBXGroup;
			children = (
				284F9CFF25F8E26A0005D714 /* WidgetKit.framework */,
				284F9D0125F8E26A0005D714 /* SwiftUI.framework */,
				28DB3B4B25F8EC25004DA791 /* Intents.framework */,
				28DB3B5625F8EC25004DA791 /* IntentsUI.framework */,
			);
			name = Frameworks;
			sourceTree = "<group>";
		};
		285D342925FA376500ED13E3 /* BikeBuddyIntention */ = {
			isa = PBXGroup;
			children = (
				285D349D25FA427500ED13E3 /* BikeBuddyIntention.entitlements */,
				285D342A25FA376500ED13E3 /* IntentHandler.swift */,
				285D342C25FA376500ED13E3 /* Info.plist */,
			);
			path = BikeBuddyIntention;
			sourceTree = "<group>";
		};
		2884BDCD25D0098300747091 /* models */ = {
			isa = PBXGroup;
			children = (
				2884BDCE25D00D9000747091 /* ManagedBikeRentalStation+CoreDataClass.swift */,
				2884BDCF25D00D9000747091 /* ManagedBikeRentalStation+CoreDataProperties.swift */,
				28CFB61925D1B3DF002E006A /* ManagedBikeRentalStationExtension.swift */,
				2898614825D944C80007D137 /* UnmanagedBikeRentalStation.swift */,
			);
			path = models;
			sourceTree = "<group>";
		};
		2898613F25D93F800007D137 /* protocols */ = {
			isa = PBXGroup;
			children = (
				2898614025D93F900007D137 /* RentalStation.swift */,
			);
			path = protocols;
			sourceTree = "<group>";
		};
		28A21C4E25CEEA140062C7AC = {
			isa = PBXGroup;
			children = (
				28E3A98A2608F9C30093BC1B /* Other */,
				28E3A9862608D8610093BC1B /* README.md */,
				285D349925FA421A00ED13E3 /* BikeBuddyWidgetExtension.entitlements */,
				28A21C5925CEEA140062C7AC /* HelsinkiBikeBuddy */,
				280BD93325FA35AF005568EF /* BikeBuddyWidget */,
				285D342925FA376500ED13E3 /* BikeBuddyIntention */,
				284F9CFE25F8E26A0005D714 /* Frameworks */,
				28A21C5825CEEA140062C7AC /* Products */,
			);
			sourceTree = "<group>";
		};
		28A21C5825CEEA140062C7AC /* Products */ = {
			isa = PBXGroup;
			children = (
				28A21C5725CEEA140062C7AC /* HelsinkiBikeBuddy.app */,
				280BD93025FA35AF005568EF /* BikeBuddyWidgetExtension.appex */,
				285D342725FA376500ED13E3 /* BikeBuddyIntention.appex */,
			);
			name = Products;
			sourceTree = "<group>";
		};
		28A21C5925CEEA140062C7AC /* HelsinkiBikeBuddy */ = {
			isa = PBXGroup;
			children = (
				285D349525FA41B000ED13E3 /* HelsinkiBikeBuddy.entitlements */,
				28A21CB525CEF1800062C7AC /* .swiftlint.yml */,
				28CFB61E25D1B6E4002E006A /* persistance */,
				281C5BB125D01115001502BE /* logic */,
				281C5BA825D0103B001502BE /* views */,
				2884BDCD25D0098300747091 /* models */,
				2898613F25D93F800007D137 /* protocols */,
				281C5BA725D0102F001502BE /* viewmodels */,
				28A21C9625CEEDCD0062C7AC /* services */,
				28A21C5A25CEEA140062C7AC /* HelsinkiBikeBuddyApp.swift */,
				28A21C5C25CEEA140062C7AC /* ContentView.swift */,
				28A21C5E25CEEA150062C7AC /* Assets.xcassets */,
				28A21C6325CEEA150062C7AC /* Persistence.swift */,
				28A21C6825CEEA150062C7AC /* Info.plist */,
				28A21C6525CEEA150062C7AC /* HelsinkiBikeBuddy.xcdatamodeld */,
				28A21C6025CEEA150062C7AC /* Preview Content */,
			);
			path = HelsinkiBikeBuddy;
			sourceTree = "<group>";
		};
		28A21C6025CEEA150062C7AC /* Preview Content */ = {
			isa = PBXGroup;
			children = (
				28A21C6125CEEA150062C7AC /* Preview Assets.xcassets */,
			);
			path = "Preview Content";
			sourceTree = "<group>";
		};
		28A21C9625CEEDCD0062C7AC /* services */ = {
			isa = PBXGroup;
			children = (
				28A120A725CEF5DC005CAD77 /* API.swift */,
				28A21C9825CEEDF30062C7AC /* graphql */,
				28CA9DB525D6B6480050380C /* BikeRentalService.swift */,
				28C97BDF25F0C6580062FA00 /* ReachabilityObserverDelegate.swift */,
			);
			path = services;
			sourceTree = "<group>";
		};
		28A21C9825CEEDF30062C7AC /* graphql */ = {
			isa = PBXGroup;
			children = (
				28A21C9A25CEEEBC0062C7AC /* schema.json */,
				28A21C9F25CEEF040062C7AC /* AllBikeRentalStations.graphql */,
				283D90A125D7E0B30007434E /* FetchBikeRentalStationByStationId.graphql */,
				2898613925D93D5B0007D137 /* FetchNearByBikeRentalStations.graphql */,
			);
			path = graphql;
			sourceTree = "<group>";
		};
		28CFB61E25D1B6E4002E006A /* persistance */ = {
			isa = PBXGroup;
			children = (
				285525F525D65CBC00098676 /* BikeRentalStationStorage.swift */,
			);
			path = persistance;
			sourceTree = "<group>";
		};
		28E3A98A2608F9C30093BC1B /* Other */ = {
			isa = PBXGroup;
			children = (
				28E3A98B2608FA0E0093BC1B /* HBB_Screen1.png */,
			);
			path = Other;
			sourceTree = "<group>";
		};
/* End PBXGroup section */

/* Begin PBXNativeTarget section */
		280BD92F25FA35AF005568EF /* BikeBuddyWidgetExtension */ = {
			isa = PBXNativeTarget;
			buildConfigurationList = 280BD93F25FA35AF005568EF /* Build configuration list for PBXNativeTarget "BikeBuddyWidgetExtension" */;
			buildPhases = (
				280BD92C25FA35AF005568EF /* Sources */,
				280BD92D25FA35AF005568EF /* Frameworks */,
				280BD92E25FA35AF005568EF /* Resources */,
			);
			buildRules = (
			);
			dependencies = (
			);
			name = BikeBuddyWidgetExtension;
			packageProductDependencies = (
				285D34AD25FA4F1D00ED13E3 /* Apollo */,
				285D34AF25FA4F2200ED13E3 /* ApolloWebSocket */,
				285D34B125FA4F2500ED13E3 /* Reachability */,
			);
			productName = BikeBuddyWidgetExtension;
			productReference = 280BD93025FA35AF005568EF /* BikeBuddyWidgetExtension.appex */;
			productType = "com.apple.product-type.app-extension";
		};
		285D342625FA376500ED13E3 /* BikeBuddyIntention */ = {
			isa = PBXNativeTarget;
			buildConfigurationList = 285D343025FA376500ED13E3 /* Build configuration list for PBXNativeTarget "BikeBuddyIntention" */;
			buildPhases = (
				285D342325FA376500ED13E3 /* Sources */,
				285D342425FA376500ED13E3 /* Frameworks */,
				285D342525FA376500ED13E3 /* Resources */,
			);
			buildRules = (
			);
			dependencies = (
			);
			name = BikeBuddyIntention;
			packageProductDependencies = (
				287D835926039D7F00426B33 /* Apollo */,
				287D835B26039D8200426B33 /* ApolloWebSocket */,
				287D835D26039D8800426B33 /* Reachability */,
			);
			productName = BikeBuddyIntention;
			productReference = 285D342725FA376500ED13E3 /* BikeBuddyIntention.appex */;
			productType = "com.apple.product-type.app-extension";
		};
		28A21C5625CEEA140062C7AC /* HelsinkiBikeBuddy */ = {
			isa = PBXNativeTarget;
			buildConfigurationList = 28A21C8125CEEA150062C7AC /* Build configuration list for PBXNativeTarget "HelsinkiBikeBuddy" */;
			buildPhases = (
				28A21C9525CEEDB00062C7AC /* Apollo CLI */,
				28A21C9925CEEE9D0062C7AC /* SwiftLint */,
				28A21C5325CEEA140062C7AC /* Sources */,
				28A21C5425CEEA140062C7AC /* Frameworks */,
				28A21C5525CEEA140062C7AC /* Resources */,
				284F9D1225F8E26C0005D714 /* Embed App Extensions */,
			);
			buildRules = (
			);
			dependencies = (
				280BD93D25FA35AF005568EF /* PBXTargetDependency */,
				285D342E25FA376500ED13E3 /* PBXTargetDependency */,
			);
			name = HelsinkiBikeBuddy;
			packageProductDependencies = (
				28A21C8E25CEED6B0062C7AC /* Apollo */,
				28A21C9025CEED6B0062C7AC /* ApolloWebSocket */,
				28C97BDB25F0C0B90062FA00 /* Reachability */,
			);
			productName = HelsinkiBikeBuddy;
			productReference = 28A21C5725CEEA140062C7AC /* HelsinkiBikeBuddy.app */;
			productType = "com.apple.product-type.application";
		};
/* End PBXNativeTarget section */

/* Begin PBXProject section */
		28A21C4F25CEEA140062C7AC /* Project object */ = {
			isa = PBXProject;
			attributes = {
				LastSwiftUpdateCheck = 1240;
				LastUpgradeCheck = 1220;
				TargetAttributes = {
					280BD92F25FA35AF005568EF = {
						CreatedOnToolsVersion = 12.4;
					};
					285D342625FA376500ED13E3 = {
						CreatedOnToolsVersion = 12.4;
					};
					28A21C5625CEEA140062C7AC = {
						CreatedOnToolsVersion = 12.2;
					};
				};
			};
			buildConfigurationList = 28A21C5225CEEA140062C7AC /* Build configuration list for PBXProject "HelsinkiBikeBuddy" */;
			compatibilityVersion = "Xcode 9.3";
			developmentRegion = en;
			hasScannedForEncodings = 0;
			knownRegions = (
				en,
				Base,
			);
			mainGroup = 28A21C4E25CEEA140062C7AC;
			packageReferences = (
				28A21C8D25CEED6B0062C7AC /* XCRemoteSwiftPackageReference "apollo-ios" */,
				28C97BDA25F0C0B80062FA00 /* XCRemoteSwiftPackageReference "Reachability" */,
			);
			productRefGroup = 28A21C5825CEEA140062C7AC /* Products */;
			projectDirPath = "";
			projectRoot = "";
			targets = (
				28A21C5625CEEA140062C7AC /* HelsinkiBikeBuddy */,
				280BD92F25FA35AF005568EF /* BikeBuddyWidgetExtension */,
				285D342625FA376500ED13E3 /* BikeBuddyIntention */,
			);
		};
/* End PBXProject section */

/* Begin PBXResourcesBuildPhase section */
		280BD92E25FA35AF005568EF /* Resources */ = {
			isa = PBXResourcesBuildPhase;
			buildActionMask = 2147483647;
			files = (
				2817785125FA76AE005B8E31 /* Assets.xcassets in Resources */,
				280BD93825FA35AF005568EF /* Assets.xcassets in Resources */,
			);
			runOnlyForDeploymentPostprocessing = 0;
		};
		285D342525FA376500ED13E3 /* Resources */ = {
			isa = PBXResourcesBuildPhase;
			buildActionMask = 2147483647;
			files = (
				2817785525FA76AF005B8E31 /* Assets.xcassets in Resources */,
			);
			runOnlyForDeploymentPostprocessing = 0;
		};
		28A21C5525CEEA140062C7AC /* Resources */ = {
			isa = PBXResourcesBuildPhase;
			buildActionMask = 2147483647;
			files = (
				28A21CB625CEF1800062C7AC /* .swiftlint.yml in Resources */,
				28A21C6225CEEA150062C7AC /* Preview Assets.xcassets in Resources */,
				28A21C9B25CEEEBC0062C7AC /* schema.json in Resources */,
				28A21C5F25CEEA150062C7AC /* Assets.xcassets in Resources */,
				2898613A25D93D5B0007D137 /* FetchNearByBikeRentalStations.graphql in Resources */,
				28A21CA025CEEF040062C7AC /* AllBikeRentalStations.graphql in Resources */,
				28E3A98C2608FA0E0093BC1B /* HBB_Screen1.png in Resources */,
				283D90A225D7E0B30007434E /* FetchBikeRentalStationByStationId.graphql in Resources */,
			);
			runOnlyForDeploymentPostprocessing = 0;
		};
/* End PBXResourcesBuildPhase section */

/* Begin PBXShellScriptBuildPhase section */
		28A21C9525CEEDB00062C7AC /* Apollo CLI */ = {
			isa = PBXShellScriptBuildPhase;
			buildActionMask = 2147483647;
			files = (
			);
			inputFileListPaths = (
			);
			inputPaths = (
			);
			name = "Apollo CLI";
			outputFileListPaths = (
			);
			outputPaths = (
			);
			runOnlyForDeploymentPostprocessing = 0;
			shellPath = /bin/sh;
			shellScript = "# Go to the build root and search up the chain to find the Derived Data Path where the source packages are checked out.\nDERIVED_DATA_CANDIDATE=\"${BUILD_ROOT}\"\n\nwhile ! [ -d \"${DERIVED_DATA_CANDIDATE}/SourcePackages\" ]; do\n  if [ \"${DERIVED_DATA_CANDIDATE}\" = / ]; then\n    echo >&2 \"error: Unable to locate SourcePackages directory from BUILD_ROOT: '${BUILD_ROOT}'\"\n    exit 1\n  fi\n\n  DERIVED_DATA_CANDIDATE=\"$(dirname \"${DERIVED_DATA_CANDIDATE}\")\"\ndone\n\n# Grab a reference to the directory where scripts are checked out\nSCRIPT_PATH=\"${DERIVED_DATA_CANDIDATE}/SourcePackages/checkouts/apollo-ios/scripts\"\n\nif [ -z \"${SCRIPT_PATH}\" ]; then\n    echo >&2 \"error: Couldn't find the CLI script in your checked out SPM packages; make sure to add the framework to your project.\"\n    exit 1\nfi\n\ncd \"${SRCROOT}/${TARGET_NAME}\"\n\"${SCRIPT_PATH}\"/run-bundled-codegen.sh codegen:generate --target=swift --includes=./**/*.graphql --localSchemaFile=\"services/graphql/schema.json\" services/API.swift\n";
		};
		28A21C9925CEEE9D0062C7AC /* SwiftLint */ = {
			isa = PBXShellScriptBuildPhase;
			buildActionMask = 2147483647;
			files = (
			);
			inputFileListPaths = (
			);
			inputPaths = (
			);
			name = SwiftLint;
			outputFileListPaths = (
			);
			outputPaths = (
			);
			runOnlyForDeploymentPostprocessing = 0;
			shellPath = /bin/sh;
			shellScript = "if which swiftlint >/dev/null; then\n  swiftlint autocorrect && swiftlint\nelse\n  echo \"warning: SwiftLint not installed, download from https://github.com/realm/SwiftLint\"\nfi\n\n";
		};
/* End PBXShellScriptBuildPhase section */

/* Begin PBXSourcesBuildPhase section */
		280BD92C25FA35AF005568EF /* Sources */ = {
			isa = PBXSourcesBuildPhase;
			buildActionMask = 2147483647;
			files = (
				285D34A525FA454400ED13E3 /* HelsinkiBikeBuddy.xcdatamodeld in Sources */,
				285D341E25FA372700ED13E3 /* BikeBuddyWidget.intentdefinition in Sources */,
				285D345125FA37CA00ED13E3 /* ManagedBikeRentalStation+CoreDataClass.swift in Sources */,
				285D344425FA37B300ED13E3 /* BikeRentalStationStorage.swift in Sources */,
				285D34A925FA4F0E00ED13E3 /* BikeRentalService.swift in Sources */,
				285D345325FA37CA00ED13E3 /* ManagedBikeRentalStation+CoreDataProperties.swift in Sources */,
				285D34B625FA4F4200ED13E3 /* API.swift in Sources */,
				285D34BE25FA4F5C00ED13E3 /* UserLocationManager.swift in Sources */,
				285D345425FA37CA00ED13E3 /* ManagedBikeRentalStationExtension.swift in Sources */,
				285D34C625FA732600ED13E3 /* CapacityBar.swift in Sources */,
				280BD93525FA35AF005568EF /* BikeBuddyWidget.swift in Sources */,
				285D34C225FA4F7100ED13E3 /* UserSettingsManager.swift in Sources */,
				285D345025FA37CA00ED13E3 /* RentalStation.swift in Sources */,
				285D344825FA37B500ED13E3 /* Helper.swift in Sources */,
				285D345225FA37CA00ED13E3 /* UnmanagedBikeRentalStation.swift in Sources */,
				285D346E25FA38FA00ED13E3 /* IntentHandler.swift in Sources */,
				285D34BA25FA4F4700ED13E3 /* ReachabilityObserverDelegate.swift in Sources */,
				285D346325FA37DF00ED13E3 /* Persistence.swift in Sources */,
			);
			runOnlyForDeploymentPostprocessing = 0;
		};
		285D342325FA376500ED13E3 /* Sources */ = {
			isa = PBXSourcesBuildPhase;
			buildActionMask = 2147483647;
			files = (
				285D347C25FA3BEE00ED13E3 /* BikeBuddyWidget.intentdefinition in Sources */,
				287D834126039D2700426B33 /* BikeRentalStationStorage.swift in Sources */,
				285D34A125FA454400ED13E3 /* HelsinkiBikeBuddy.xcdatamodeld in Sources */,
				285D345925FA37CA00ED13E3 /* ManagedBikeRentalStation+CoreDataClass.swift in Sources */,
				285D34CA25FA732700ED13E3 /* CapacityBar.swift in Sources */,
				287D835126039D4600426B33 /* ReachabilityObserverDelegate.swift in Sources */,
				285D345B25FA37CA00ED13E3 /* ManagedBikeRentalStation+CoreDataProperties.swift in Sources */,
				287D834526039D2D00426B33 /* UserSettingsManager.swift in Sources */,
				287D834D26039D4300426B33 /* BikeRentalService.swift in Sources */,
				285D345C25FA37CA00ED13E3 /* ManagedBikeRentalStationExtension.swift in Sources */,
				285D342B25FA376500ED13E3 /* IntentHandler.swift in Sources */,
				285D345825FA37CA00ED13E3 /* RentalStation.swift in Sources */,
				285D344C25FA37B600ED13E3 /* Helper.swift in Sources */,
				285D345A25FA37CA00ED13E3 /* UnmanagedBikeRentalStation.swift in Sources */,
				285D346725FA37DF00ED13E3 /* Persistence.swift in Sources */,
				287D835526039D6100426B33 /* API.swift in Sources */,
				287D834926039D3000426B33 /* UserLocationManager.swift in Sources */,
			);
			runOnlyForDeploymentPostprocessing = 0;
		};
		28A21C5325CEEA140062C7AC /* Sources */ = {
			isa = PBXSourcesBuildPhase;
			buildActionMask = 2147483647;
			files = (
				28A21C6725CEEA150062C7AC /* HelsinkiBikeBuddy.xcdatamodeld in Sources */,
				28C97BEC25F2082F0062FA00 /* MapViewUIRep.swift in Sources */,
				2884BDD025D00D9000747091 /* ManagedBikeRentalStation+CoreDataClass.swift in Sources */,
				28C97BFA25F25B2C0062FA00 /* OverlayContentViewController.swift in Sources */,
				280BD93B25FA35AF005568EF /* BikeBuddyWidget.intentdefinition in Sources */,
				281C5BE925D0294D001502BE /* BikeRentalStationView.swift in Sources */,
				2884BDD125D00D9000747091 /* ManagedBikeRentalStation+CoreDataProperties.swift in Sources */,
				285D347225FA38FF00ED13E3 /* IntentHandler.swift in Sources */,
				28B0465D25E1230A00ADFBF1 /* DetailedBikeRentalStationView.swift in Sources */,
				28CA9DB625D6B6480050380C /* BikeRentalService.swift in Sources */,
				2898614125D93F900007D137 /* RentalStation.swift in Sources */,
				28A21C6425CEEA150062C7AC /* Persistence.swift in Sources */,
				2805C8C225DFAFA600FE7D56 /* FavoriteMarker.swift in Sources */,
				28A21C5D25CEEA140062C7AC /* ContentView.swift in Sources */,
				28CFB61A25D1B3DF002E006A /* ManagedBikeRentalStationExtension.swift in Sources */,
				287D833A26039D0B00426B33 /* UserSettingsManager.swift in Sources */,
				2872725225FBBC7800604A44 /* PermissionsPromptView.swift in Sources */,
				282D51A325DE999B00523C12 /* BikeRentalStationsListView.swift in Sources */,
				28C97BE025F0C6580062FA00 /* ReachabilityObserverDelegate.swift in Sources */,
				28B0465825DFDE9100ADFBF1 /* BikeRentalStationsListViewModel.swift in Sources */,
				28B0466225E125FE00ADFBF1 /* DetailedBikeRentalStationViewModel.swift in Sources */,
				284F9CF625F8CDEC0005D714 /* PrettyButton.swift in Sources */,
				28C97BF625F25B0E0062FA00 /* OverlayContentView.swift in Sources */,
				28851D1A25F7AAC800C08F86 /* SettingsView.swift in Sources */,
				28D0F98B25FA129C008FC736 /* Helper.swift in Sources */,
				2805C8BE25DEB7F700FE7D56 /* ContentViewModel.swift in Sources */,
				28A21C5B25CEEA140062C7AC /* HelsinkiBikeBuddyApp.swift in Sources */,
				284F9CF225F8C4780005D714 /* SettingsViewModel.swift in Sources */,
				285525F625D65CBC00098676 /* BikeRentalStationStorage.swift in Sources */,
				28A120A825CEF5DC005CAD77 /* API.swift in Sources */,
				281C5BDE25D0261E001502BE /* BikeRentalStationViewModel.swift in Sources */,
				28335B4825D3AE3500F447D5 /* CapacityBar.swift in Sources */,
				2898614925D944C80007D137 /* UnmanagedBikeRentalStation.swift in Sources */,
				287D833326039D0700426B33 /* UserLocationManager.swift in Sources */,
			);
			runOnlyForDeploymentPostprocessing = 0;
		};
/* End PBXSourcesBuildPhase section */

/* Begin PBXTargetDependency section */
		280BD93D25FA35AF005568EF /* PBXTargetDependency */ = {
			isa = PBXTargetDependency;
			target = 280BD92F25FA35AF005568EF /* BikeBuddyWidgetExtension */;
			targetProxy = 280BD93C25FA35AF005568EF /* PBXContainerItemProxy */;
		};
		285D342E25FA376500ED13E3 /* PBXTargetDependency */ = {
			isa = PBXTargetDependency;
			target = 285D342625FA376500ED13E3 /* BikeBuddyIntention */;
			targetProxy = 285D342D25FA376500ED13E3 /* PBXContainerItemProxy */;
		};
/* End PBXTargetDependency section */

/* Begin XCBuildConfiguration section */
		280BD94025FA35AF005568EF /* Debug */ = {
			isa = XCBuildConfiguration;
			buildSettings = {
				ASSETCATALOG_COMPILER_GLOBAL_ACCENT_COLOR_NAME = AccentColor;
				ASSETCATALOG_COMPILER_WIDGET_BACKGROUND_COLOR_NAME = WidgetBackground;
				CODE_SIGN_ENTITLEMENTS = BikeBuddyWidgetExtension.entitlements;
				CODE_SIGN_STYLE = Automatic;
				DEVELOPMENT_TEAM = H9XF3442XB;
				INFOPLIST_FILE = BikeBuddyWidget/Info.plist;
				IPHONEOS_DEPLOYMENT_TARGET = 14.4;
				LD_RUNPATH_SEARCH_PATHS = (
					"$(inherited)",
					"@executable_path/Frameworks",
					"@executable_path/../../Frameworks",
				);
				PRODUCT_BUNDLE_IDENTIFIER = com.juanito.HelsinkiBikeBuddy.BikeBuddyWidget;
				PRODUCT_NAME = "$(TARGET_NAME)";
				SKIP_INSTALL = YES;
				SWIFT_VERSION = 5.0;
				TARGETED_DEVICE_FAMILY = "1,2";
			};
			name = Debug;
		};
		280BD94125FA35AF005568EF /* Release */ = {
			isa = XCBuildConfiguration;
			buildSettings = {
				ASSETCATALOG_COMPILER_GLOBAL_ACCENT_COLOR_NAME = AccentColor;
				ASSETCATALOG_COMPILER_WIDGET_BACKGROUND_COLOR_NAME = WidgetBackground;
				CODE_SIGN_ENTITLEMENTS = BikeBuddyWidgetExtension.entitlements;
				CODE_SIGN_STYLE = Automatic;
				DEVELOPMENT_TEAM = H9XF3442XB;
				INFOPLIST_FILE = BikeBuddyWidget/Info.plist;
				IPHONEOS_DEPLOYMENT_TARGET = 14.4;
				LD_RUNPATH_SEARCH_PATHS = (
					"$(inherited)",
					"@executable_path/Frameworks",
					"@executable_path/../../Frameworks",
				);
				PRODUCT_BUNDLE_IDENTIFIER = com.juanito.HelsinkiBikeBuddy.BikeBuddyWidget;
				PRODUCT_NAME = "$(TARGET_NAME)";
				SKIP_INSTALL = YES;
				SWIFT_VERSION = 5.0;
				TARGETED_DEVICE_FAMILY = "1,2";
			};
			name = Release;
		};
		285D343125FA376500ED13E3 /* Debug */ = {
			isa = XCBuildConfiguration;
			buildSettings = {
				CODE_SIGN_ENTITLEMENTS = BikeBuddyIntention/BikeBuddyIntention.entitlements;
				CODE_SIGN_STYLE = Automatic;
				DEVELOPMENT_TEAM = H9XF3442XB;
				INFOPLIST_FILE = BikeBuddyIntention/Info.plist;
				IPHONEOS_DEPLOYMENT_TARGET = 14.4;
				LD_RUNPATH_SEARCH_PATHS = (
					"$(inherited)",
					"@executable_path/Frameworks",
					"@executable_path/../../Frameworks",
				);
				PRODUCT_BUNDLE_IDENTIFIER = com.juanito.HelsinkiBikeBuddy.BikeBuddyIntention;
				PRODUCT_NAME = "$(TARGET_NAME)";
				SKIP_INSTALL = YES;
				SWIFT_VERSION = 5.0;
				TARGETED_DEVICE_FAMILY = "1,2";
			};
			name = Debug;
		};
		285D343225FA376500ED13E3 /* Release */ = {
			isa = XCBuildConfiguration;
			buildSettings = {
				CODE_SIGN_ENTITLEMENTS = BikeBuddyIntention/BikeBuddyIntention.entitlements;
				CODE_SIGN_STYLE = Automatic;
				DEVELOPMENT_TEAM = H9XF3442XB;
				INFOPLIST_FILE = BikeBuddyIntention/Info.plist;
				IPHONEOS_DEPLOYMENT_TARGET = 14.4;
				LD_RUNPATH_SEARCH_PATHS = (
					"$(inherited)",
					"@executable_path/Frameworks",
					"@executable_path/../../Frameworks",
				);
				PRODUCT_BUNDLE_IDENTIFIER = com.juanito.HelsinkiBikeBuddy.BikeBuddyIntention;
				PRODUCT_NAME = "$(TARGET_NAME)";
				SKIP_INSTALL = YES;
				SWIFT_VERSION = 5.0;
				TARGETED_DEVICE_FAMILY = "1,2";
			};
			name = Release;
		};
		28A21C7F25CEEA150062C7AC /* Debug */ = {
			isa = XCBuildConfiguration;
			buildSettings = {
				ALWAYS_SEARCH_USER_PATHS = NO;
				CLANG_ANALYZER_NONNULL = YES;
				CLANG_ANALYZER_NUMBER_OBJECT_CONVERSION = YES_AGGRESSIVE;
				CLANG_CXX_LANGUAGE_STANDARD = "gnu++14";
				CLANG_CXX_LIBRARY = "libc++";
				CLANG_ENABLE_MODULES = YES;
				CLANG_ENABLE_OBJC_ARC = YES;
				CLANG_ENABLE_OBJC_WEAK = YES;
				CLANG_WARN_BLOCK_CAPTURE_AUTORELEASING = YES;
				CLANG_WARN_BOOL_CONVERSION = YES;
				CLANG_WARN_COMMA = YES;
				CLANG_WARN_CONSTANT_CONVERSION = YES;
				CLANG_WARN_DEPRECATED_OBJC_IMPLEMENTATIONS = YES;
				CLANG_WARN_DIRECT_OBJC_ISA_USAGE = YES_ERROR;
				CLANG_WARN_DOCUMENTATION_COMMENTS = YES;
				CLANG_WARN_EMPTY_BODY = YES;
				CLANG_WARN_ENUM_CONVERSION = YES;
				CLANG_WARN_INFINITE_RECURSION = YES;
				CLANG_WARN_INT_CONVERSION = YES;
				CLANG_WARN_NON_LITERAL_NULL_CONVERSION = YES;
				CLANG_WARN_OBJC_IMPLICIT_RETAIN_SELF = YES;
				CLANG_WARN_OBJC_LITERAL_CONVERSION = YES;
				CLANG_WARN_OBJC_ROOT_CLASS = YES_ERROR;
				CLANG_WARN_QUOTED_INCLUDE_IN_FRAMEWORK_HEADER = YES;
				CLANG_WARN_RANGE_LOOP_ANALYSIS = YES;
				CLANG_WARN_STRICT_PROTOTYPES = YES;
				CLANG_WARN_SUSPICIOUS_MOVE = YES;
				CLANG_WARN_UNGUARDED_AVAILABILITY = YES_AGGRESSIVE;
				CLANG_WARN_UNREACHABLE_CODE = YES;
				CLANG_WARN__DUPLICATE_METHOD_MATCH = YES;
				COPY_PHASE_STRIP = NO;
				DEBUG_INFORMATION_FORMAT = dwarf;
				ENABLE_STRICT_OBJC_MSGSEND = YES;
				ENABLE_TESTABILITY = YES;
				GCC_C_LANGUAGE_STANDARD = gnu11;
				GCC_DYNAMIC_NO_PIC = NO;
				GCC_NO_COMMON_BLOCKS = YES;
				GCC_OPTIMIZATION_LEVEL = 0;
				GCC_PREPROCESSOR_DEFINITIONS = (
					"DEBUG=1",
					"$(inherited)",
				);
				GCC_WARN_64_TO_32_BIT_CONVERSION = YES;
				GCC_WARN_ABOUT_RETURN_TYPE = YES_ERROR;
				GCC_WARN_UNDECLARED_SELECTOR = YES;
				GCC_WARN_UNINITIALIZED_AUTOS = YES_AGGRESSIVE;
				GCC_WARN_UNUSED_FUNCTION = YES;
				GCC_WARN_UNUSED_VARIABLE = YES;
				IPHONEOS_DEPLOYMENT_TARGET = 14.2;
				MTL_ENABLE_DEBUG_INFO = INCLUDE_SOURCE;
				MTL_FAST_MATH = YES;
				ONLY_ACTIVE_ARCH = YES;
				SDKROOT = iphoneos;
				SWIFT_ACTIVE_COMPILATION_CONDITIONS = DEBUG;
				SWIFT_OPTIMIZATION_LEVEL = "-Onone";
			};
			name = Debug;
		};
		28A21C8025CEEA150062C7AC /* Release */ = {
			isa = XCBuildConfiguration;
			buildSettings = {
				ALWAYS_SEARCH_USER_PATHS = NO;
				CLANG_ANALYZER_NONNULL = YES;
				CLANG_ANALYZER_NUMBER_OBJECT_CONVERSION = YES_AGGRESSIVE;
				CLANG_CXX_LANGUAGE_STANDARD = "gnu++14";
				CLANG_CXX_LIBRARY = "libc++";
				CLANG_ENABLE_MODULES = YES;
				CLANG_ENABLE_OBJC_ARC = YES;
				CLANG_ENABLE_OBJC_WEAK = YES;
				CLANG_WARN_BLOCK_CAPTURE_AUTORELEASING = YES;
				CLANG_WARN_BOOL_CONVERSION = YES;
				CLANG_WARN_COMMA = YES;
				CLANG_WARN_CONSTANT_CONVERSION = YES;
				CLANG_WARN_DEPRECATED_OBJC_IMPLEMENTATIONS = YES;
				CLANG_WARN_DIRECT_OBJC_ISA_USAGE = YES_ERROR;
				CLANG_WARN_DOCUMENTATION_COMMENTS = YES;
				CLANG_WARN_EMPTY_BODY = YES;
				CLANG_WARN_ENUM_CONVERSION = YES;
				CLANG_WARN_INFINITE_RECURSION = YES;
				CLANG_WARN_INT_CONVERSION = YES;
				CLANG_WARN_NON_LITERAL_NULL_CONVERSION = YES;
				CLANG_WARN_OBJC_IMPLICIT_RETAIN_SELF = YES;
				CLANG_WARN_OBJC_LITERAL_CONVERSION = YES;
				CLANG_WARN_OBJC_ROOT_CLASS = YES_ERROR;
				CLANG_WARN_QUOTED_INCLUDE_IN_FRAMEWORK_HEADER = YES;
				CLANG_WARN_RANGE_LOOP_ANALYSIS = YES;
				CLANG_WARN_STRICT_PROTOTYPES = YES;
				CLANG_WARN_SUSPICIOUS_MOVE = YES;
				CLANG_WARN_UNGUARDED_AVAILABILITY = YES_AGGRESSIVE;
				CLANG_WARN_UNREACHABLE_CODE = YES;
				CLANG_WARN__DUPLICATE_METHOD_MATCH = YES;
				COPY_PHASE_STRIP = NO;
				DEBUG_INFORMATION_FORMAT = "dwarf-with-dsym";
				ENABLE_NS_ASSERTIONS = NO;
				ENABLE_STRICT_OBJC_MSGSEND = YES;
				GCC_C_LANGUAGE_STANDARD = gnu11;
				GCC_NO_COMMON_BLOCKS = YES;
				GCC_WARN_64_TO_32_BIT_CONVERSION = YES;
				GCC_WARN_ABOUT_RETURN_TYPE = YES_ERROR;
				GCC_WARN_UNDECLARED_SELECTOR = YES;
				GCC_WARN_UNINITIALIZED_AUTOS = YES_AGGRESSIVE;
				GCC_WARN_UNUSED_FUNCTION = YES;
				GCC_WARN_UNUSED_VARIABLE = YES;
				IPHONEOS_DEPLOYMENT_TARGET = 14.2;
				MTL_ENABLE_DEBUG_INFO = NO;
				MTL_FAST_MATH = YES;
				SDKROOT = iphoneos;
				SWIFT_COMPILATION_MODE = wholemodule;
				SWIFT_OPTIMIZATION_LEVEL = "-O";
				VALIDATE_PRODUCT = YES;
			};
			name = Release;
		};
		28A21C8225CEEA150062C7AC /* Debug */ = {
			isa = XCBuildConfiguration;
			buildSettings = {
				ALWAYS_EMBED_SWIFT_STANDARD_LIBRARIES = YES;
				ASSETCATALOG_COMPILER_APPICON_NAME = AppIcon;
				ASSETCATALOG_COMPILER_GLOBAL_ACCENT_COLOR_NAME = AccentColor;
				CODE_SIGN_ENTITLEMENTS = HelsinkiBikeBuddy/HelsinkiBikeBuddy.entitlements;
				CODE_SIGN_STYLE = Automatic;
				DEVELOPMENT_ASSET_PATHS = "\"HelsinkiBikeBuddy/Preview Content\"";
				DEVELOPMENT_TEAM = H9XF3442XB;
				ENABLE_PREVIEWS = YES;
				INFOPLIST_FILE = HelsinkiBikeBuddy/Info.plist;
				IPHONEOS_DEPLOYMENT_TARGET = 14.0;
				LD_RUNPATH_SEARCH_PATHS = (
					"$(inherited)",
					"@executable_path/Frameworks",
				);
				PRODUCT_BUNDLE_IDENTIFIER = com.juanito.HelsinkiBikeBuddy;
				PRODUCT_NAME = "$(TARGET_NAME)";
				SWIFT_VERSION = 5.0;
				TARGETED_DEVICE_FAMILY = 1;
			};
			name = Debug;
		};
		28A21C8325CEEA150062C7AC /* Release */ = {
			isa = XCBuildConfiguration;
			buildSettings = {
				ALWAYS_EMBED_SWIFT_STANDARD_LIBRARIES = YES;
				ASSETCATALOG_COMPILER_APPICON_NAME = AppIcon;
				ASSETCATALOG_COMPILER_GLOBAL_ACCENT_COLOR_NAME = AccentColor;
				CODE_SIGN_ENTITLEMENTS = HelsinkiBikeBuddy/HelsinkiBikeBuddy.entitlements;
				CODE_SIGN_STYLE = Automatic;
				DEVELOPMENT_ASSET_PATHS = "\"HelsinkiBikeBuddy/Preview Content\"";
				DEVELOPMENT_TEAM = H9XF3442XB;
				ENABLE_PREVIEWS = YES;
				INFOPLIST_FILE = HelsinkiBikeBuddy/Info.plist;
				IPHONEOS_DEPLOYMENT_TARGET = 14.0;
				LD_RUNPATH_SEARCH_PATHS = (
					"$(inherited)",
					"@executable_path/Frameworks",
				);
				PRODUCT_BUNDLE_IDENTIFIER = com.juanito.HelsinkiBikeBuddy;
				PRODUCT_NAME = "$(TARGET_NAME)";
				SWIFT_VERSION = 5.0;
				TARGETED_DEVICE_FAMILY = 1;
			};
			name = Release;
		};
/* End XCBuildConfiguration section */

/* Begin XCConfigurationList section */
		280BD93F25FA35AF005568EF /* Build configuration list for PBXNativeTarget "BikeBuddyWidgetExtension" */ = {
			isa = XCConfigurationList;
			buildConfigurations = (
				280BD94025FA35AF005568EF /* Debug */,
				280BD94125FA35AF005568EF /* Release */,
			);
			defaultConfigurationIsVisible = 0;
			defaultConfigurationName = Release;
		};
		285D343025FA376500ED13E3 /* Build configuration list for PBXNativeTarget "BikeBuddyIntention" */ = {
			isa = XCConfigurationList;
			buildConfigurations = (
				285D343125FA376500ED13E3 /* Debug */,
				285D343225FA376500ED13E3 /* Release */,
			);
			defaultConfigurationIsVisible = 0;
			defaultConfigurationName = Release;
		};
		28A21C5225CEEA140062C7AC /* Build configuration list for PBXProject "HelsinkiBikeBuddy" */ = {
			isa = XCConfigurationList;
			buildConfigurations = (
				28A21C7F25CEEA150062C7AC /* Debug */,
				28A21C8025CEEA150062C7AC /* Release */,
			);
			defaultConfigurationIsVisible = 0;
			defaultConfigurationName = Release;
		};
		28A21C8125CEEA150062C7AC /* Build configuration list for PBXNativeTarget "HelsinkiBikeBuddy" */ = {
			isa = XCConfigurationList;
			buildConfigurations = (
				28A21C8225CEEA150062C7AC /* Debug */,
				28A21C8325CEEA150062C7AC /* Release */,
			);
			defaultConfigurationIsVisible = 0;
			defaultConfigurationName = Release;
		};
/* End XCConfigurationList section */

/* Begin XCRemoteSwiftPackageReference section */
		28A21C8D25CEED6B0062C7AC /* XCRemoteSwiftPackageReference "apollo-ios" */ = {
			isa = XCRemoteSwiftPackageReference;
			repositoryURL = "https://github.com/apollographql/apollo-ios.git";
			requirement = {
				kind = upToNextMinorVersion;
				minimumVersion = 0.41.0;
			};
		};
		28C97BDA25F0C0B80062FA00 /* XCRemoteSwiftPackageReference "Reachability" */ = {
			isa = XCRemoteSwiftPackageReference;
			repositoryURL = "https://github.com/ashleymills/Reachability.swift";
			requirement = {
				kind = upToNextMajorVersion;
				minimumVersion = 5.1.0;
			};
		};
/* End XCRemoteSwiftPackageReference section */

/* Begin XCSwiftPackageProductDependency section */
		285D34AD25FA4F1D00ED13E3 /* Apollo */ = {
			isa = XCSwiftPackageProductDependency;
			package = 28A21C8D25CEED6B0062C7AC /* XCRemoteSwiftPackageReference "apollo-ios" */;
			productName = Apollo;
		};
		285D34AF25FA4F2200ED13E3 /* ApolloWebSocket */ = {
			isa = XCSwiftPackageProductDependency;
			package = 28A21C8D25CEED6B0062C7AC /* XCRemoteSwiftPackageReference "apollo-ios" */;
			productName = ApolloWebSocket;
		};
		285D34B125FA4F2500ED13E3 /* Reachability */ = {
			isa = XCSwiftPackageProductDependency;
			package = 28C97BDA25F0C0B80062FA00 /* XCRemoteSwiftPackageReference "Reachability" */;
			productName = Reachability;
		};
		287D835926039D7F00426B33 /* Apollo */ = {
			isa = XCSwiftPackageProductDependency;
			package = 28A21C8D25CEED6B0062C7AC /* XCRemoteSwiftPackageReference "apollo-ios" */;
			productName = Apollo;
		};
		287D835B26039D8200426B33 /* ApolloWebSocket */ = {
			isa = XCSwiftPackageProductDependency;
			package = 28A21C8D25CEED6B0062C7AC /* XCRemoteSwiftPackageReference "apollo-ios" */;
			productName = ApolloWebSocket;
		};
		287D835D26039D8800426B33 /* Reachability */ = {
			isa = XCSwiftPackageProductDependency;
			package = 28C97BDA25F0C0B80062FA00 /* XCRemoteSwiftPackageReference "Reachability" */;
			productName = Reachability;
		};
		28A21C8E25CEED6B0062C7AC /* Apollo */ = {
			isa = XCSwiftPackageProductDependency;
			package = 28A21C8D25CEED6B0062C7AC /* XCRemoteSwiftPackageReference "apollo-ios" */;
			productName = Apollo;
		};
		28A21C9025CEED6B0062C7AC /* ApolloWebSocket */ = {
			isa = XCSwiftPackageProductDependency;
			package = 28A21C8D25CEED6B0062C7AC /* XCRemoteSwiftPackageReference "apollo-ios" */;
			productName = ApolloWebSocket;
		};
		28C97BDB25F0C0B90062FA00 /* Reachability */ = {
			isa = XCSwiftPackageProductDependency;
			package = 28C97BDA25F0C0B80062FA00 /* XCRemoteSwiftPackageReference "Reachability" */;
			productName = Reachability;
		};
/* End XCSwiftPackageProductDependency section */

/* Begin XCVersionGroup section */
		28A21C6525CEEA150062C7AC /* HelsinkiBikeBuddy.xcdatamodeld */ = {
			isa = XCVersionGroup;
			children = (
				28A21C6625CEEA150062C7AC /* HelsinkiBikeBuddy.xcdatamodel */,
			);
			currentVersion = 28A21C6625CEEA150062C7AC /* HelsinkiBikeBuddy.xcdatamodel */;
			path = HelsinkiBikeBuddy.xcdatamodeld;
			sourceTree = "<group>";
			versionGroupType = wrapper.xcdatamodel;
		};
/* End XCVersionGroup section */
	};
	rootObject = 28A21C4F25CEEA140062C7AC /* Project object */;
}
