// !$*UTF8*$!
{
	archiveVersion = 1;
	classes = {
	};
	objectVersion = 52;
	objects = {

/* Begin PBXBuildFile section */
		2805C8BE25DEB7F700FE7D56 /* ContentViewModel.swift in Sources */ = {isa = PBXBuildFile; fileRef = 2805C8BD25DEB7F700FE7D56 /* ContentViewModel.swift */; };
		2805C8C225DFAFA600FE7D56 /* FavoriteMarker.swift in Sources */ = {isa = PBXBuildFile; fileRef = 2805C8C125DFAFA600FE7D56 /* FavoriteMarker.swift */; };
		2805C8C325DFAFA600FE7D56 /* FavoriteMarker.swift in Sources */ = {isa = PBXBuildFile; fileRef = 2805C8C125DFAFA600FE7D56 /* FavoriteMarker.swift */; };
		281C5BAA25D01059001502BE /* BikeRentalStationsViewModel.swift in Sources */ = {isa = PBXBuildFile; fileRef = 281C5BA925D01059001502BE /* BikeRentalStationsViewModel.swift */; };
		281C5BB325D0111D001502BE /* Helper.swift in Sources */ = {isa = PBXBuildFile; fileRef = 281C5BB225D0111D001502BE /* Helper.swift */; };
		281C5BBB25D0127E001502BE /* CreateBikeRentalStationViewModel.swift in Sources */ = {isa = PBXBuildFile; fileRef = 281C5BBA25D0127E001502BE /* CreateBikeRentalStationViewModel.swift */; };
		281C5BC025D01329001502BE /* BikeRentalStationsView.swift in Sources */ = {isa = PBXBuildFile; fileRef = 281C5BBF25D01329001502BE /* BikeRentalStationsView.swift */; };
		281C5BD025D01BD0001502BE /* CreateBikeRentalStationView.swift in Sources */ = {isa = PBXBuildFile; fileRef = 281C5BCF25D01BD0001502BE /* CreateBikeRentalStationView.swift */; };
		281C5BDE25D0261E001502BE /* BikeRentalStationViewModel.swift in Sources */ = {isa = PBXBuildFile; fileRef = 281C5BDD25D0261E001502BE /* BikeRentalStationViewModel.swift */; };
		281C5BE925D0294D001502BE /* BikeRentalStationView.swift in Sources */ = {isa = PBXBuildFile; fileRef = 281C5BE825D0294D001502BE /* BikeRentalStationView.swift */; };
		282D519E25DE988500523C12 /* FavoriteBikeRentalStationViewModel.swift in Sources */ = {isa = PBXBuildFile; fileRef = 282D519D25DE988500523C12 /* FavoriteBikeRentalStationViewModel.swift */; };
		282D519F25DE988500523C12 /* FavoriteBikeRentalStationViewModel.swift in Sources */ = {isa = PBXBuildFile; fileRef = 282D519D25DE988500523C12 /* FavoriteBikeRentalStationViewModel.swift */; };
		282D51A325DE999B00523C12 /* NearbyBikeRentalStationsView.swift in Sources */ = {isa = PBXBuildFile; fileRef = 282D51A225DE999B00523C12 /* NearbyBikeRentalStationsView.swift */; };
		282D51A425DE999B00523C12 /* NearbyBikeRentalStationsView.swift in Sources */ = {isa = PBXBuildFile; fileRef = 282D51A225DE999B00523C12 /* NearbyBikeRentalStationsView.swift */; };
		282D51AE25DE9A5900523C12 /* FavoriteBikeRentalStationsView.swift in Sources */ = {isa = PBXBuildFile; fileRef = 282D51AD25DE9A5900523C12 /* FavoriteBikeRentalStationsView.swift */; };
		282D51AF25DE9A5900523C12 /* FavoriteBikeRentalStationsView.swift in Sources */ = {isa = PBXBuildFile; fileRef = 282D51AD25DE9A5900523C12 /* FavoriteBikeRentalStationsView.swift */; };
		28335AB025D2BBB700F447D5 /* BikeRentalStationModelTests.swift in Sources */ = {isa = PBXBuildFile; fileRef = 28335AAF25D2BBB700F447D5 /* BikeRentalStationModelTests.swift */; };
		28335ABB25D2BCFD00F447D5 /* HelsinkiBikeBuddyApp.swift in Sources */ = {isa = PBXBuildFile; fileRef = 28A21C5A25CEEA140062C7AC /* HelsinkiBikeBuddyApp.swift */; };
		28335ABC25D2BCFD00F447D5 /* ContentView.swift in Sources */ = {isa = PBXBuildFile; fileRef = 28A21C5C25CEEA140062C7AC /* ContentView.swift */; };
		28335ABD25D2BCFD00F447D5 /* Persistence.swift in Sources */ = {isa = PBXBuildFile; fileRef = 28A21C6325CEEA150062C7AC /* Persistence.swift */; };
		28335ACC25D2BD1000F447D5 /* BikeRentalStationsViewModel.swift in Sources */ = {isa = PBXBuildFile; fileRef = 281C5BA925D01059001502BE /* BikeRentalStationsViewModel.swift */; };
		28335ACD25D2BD1000F447D5 /* Helper.swift in Sources */ = {isa = PBXBuildFile; fileRef = 281C5BB225D0111D001502BE /* Helper.swift */; };
		28335ACE25D2BD1000F447D5 /* BikeRentalStation+CoreDataClass.swift in Sources */ = {isa = PBXBuildFile; fileRef = 2884BDCE25D00D9000747091 /* BikeRentalStation+CoreDataClass.swift */; };
		28335ACF25D2BD1000F447D5 /* BikeRentalStationView.swift in Sources */ = {isa = PBXBuildFile; fileRef = 281C5BE825D0294D001502BE /* BikeRentalStationView.swift */; };
		28335AD025D2BD1000F447D5 /* BikeRentalStation+CoreDataProperties.swift in Sources */ = {isa = PBXBuildFile; fileRef = 2884BDCF25D00D9000747091 /* BikeRentalStation+CoreDataProperties.swift */; };
		28335AD125D2BD1000F447D5 /* BikeRentalStationViewModel.swift in Sources */ = {isa = PBXBuildFile; fileRef = 281C5BDD25D0261E001502BE /* BikeRentalStationViewModel.swift */; };
		28335AD325D2BD1000F447D5 /* CreateBikeRentalStationView.swift in Sources */ = {isa = PBXBuildFile; fileRef = 281C5BCF25D01BD0001502BE /* CreateBikeRentalStationView.swift */; };
		28335AD525D2BD1000F447D5 /* BikeRentalStationsView.swift in Sources */ = {isa = PBXBuildFile; fileRef = 281C5BBF25D01329001502BE /* BikeRentalStationsView.swift */; };
		28335AD725D2BD1000F447D5 /* CreateBikeRentalStationViewModel.swift in Sources */ = {isa = PBXBuildFile; fileRef = 281C5BBA25D0127E001502BE /* CreateBikeRentalStationViewModel.swift */; };
		28335B0025D2BF3200F447D5 /* BikeRentalStationExtension.swift in Sources */ = {isa = PBXBuildFile; fileRef = 28CFB61925D1B3DF002E006A /* BikeRentalStationExtension.swift */; };
		28335B4825D3AE3500F447D5 /* CapacityBar.swift in Sources */ = {isa = PBXBuildFile; fileRef = 28335B4725D3AE3500F447D5 /* CapacityBar.swift */; };
		28335B4B25D3AE3500F447D5 /* CapacityBar.swift in Sources */ = {isa = PBXBuildFile; fileRef = 28335B4725D3AE3500F447D5 /* CapacityBar.swift */; };
		28335B5D25D3CAAA00F447D5 /* UserLocationManager.swift in Sources */ = {isa = PBXBuildFile; fileRef = 28335B5C25D3CAAA00F447D5 /* UserLocationManager.swift */; };
		28335B6025D3CAAA00F447D5 /* UserLocationManager.swift in Sources */ = {isa = PBXBuildFile; fileRef = 28335B5C25D3CAAA00F447D5 /* UserLocationManager.swift */; };
		283D90A225D7E0B30007434E /* FetchBikeRentalStationByStationId.graphql in Resources */ = {isa = PBXBuildFile; fileRef = 283D90A125D7E0B30007434E /* FetchBikeRentalStationByStationId.graphql */; };
		285525F625D65CBC00098676 /* BikeRentalStationStorage.swift in Sources */ = {isa = PBXBuildFile; fileRef = 285525F525D65CBC00098676 /* BikeRentalStationStorage.swift */; };
		285525F925D65CC100098676 /* BikeRentalStationStorage.swift in Sources */ = {isa = PBXBuildFile; fileRef = 285525F525D65CBC00098676 /* BikeRentalStationStorage.swift */; };
		2884BDD025D00D9000747091 /* BikeRentalStation+CoreDataClass.swift in Sources */ = {isa = PBXBuildFile; fileRef = 2884BDCE25D00D9000747091 /* BikeRentalStation+CoreDataClass.swift */; };
		2884BDD125D00D9000747091 /* BikeRentalStation+CoreDataProperties.swift in Sources */ = {isa = PBXBuildFile; fileRef = 2884BDCF25D00D9000747091 /* BikeRentalStation+CoreDataProperties.swift */; };
		2898613A25D93D5B0007D137 /* FetchNearByBikeRentalStations.graphql in Resources */ = {isa = PBXBuildFile; fileRef = 2898613925D93D5B0007D137 /* FetchNearByBikeRentalStations.graphql */; };
		2898614125D93F900007D137 /* RentalStation.swift in Sources */ = {isa = PBXBuildFile; fileRef = 2898614025D93F900007D137 /* RentalStation.swift */; };
		2898614925D944C80007D137 /* UnmanagedBikeRentalStation.swift in Sources */ = {isa = PBXBuildFile; fileRef = 2898614825D944C80007D137 /* UnmanagedBikeRentalStation.swift */; };
		28A120A825CEF5DC005CAD77 /* API.swift in Sources */ = {isa = PBXBuildFile; fileRef = 28A120A725CEF5DC005CAD77 /* API.swift */; };
		28A21C5B25CEEA140062C7AC /* HelsinkiBikeBuddyApp.swift in Sources */ = {isa = PBXBuildFile; fileRef = 28A21C5A25CEEA140062C7AC /* HelsinkiBikeBuddyApp.swift */; };
		28A21C5D25CEEA140062C7AC /* ContentView.swift in Sources */ = {isa = PBXBuildFile; fileRef = 28A21C5C25CEEA140062C7AC /* ContentView.swift */; };
		28A21C5F25CEEA150062C7AC /* Assets.xcassets in Resources */ = {isa = PBXBuildFile; fileRef = 28A21C5E25CEEA150062C7AC /* Assets.xcassets */; };
		28A21C6225CEEA150062C7AC /* Preview Assets.xcassets in Resources */ = {isa = PBXBuildFile; fileRef = 28A21C6125CEEA150062C7AC /* Preview Assets.xcassets */; };
		28A21C6425CEEA150062C7AC /* Persistence.swift in Sources */ = {isa = PBXBuildFile; fileRef = 28A21C6325CEEA150062C7AC /* Persistence.swift */; };
		28A21C6725CEEA150062C7AC /* HelsinkiBikeBuddy.xcdatamodeld in Sources */ = {isa = PBXBuildFile; fileRef = 28A21C6525CEEA150062C7AC /* HelsinkiBikeBuddy.xcdatamodeld */; };
		28A21C8F25CEED6B0062C7AC /* Apollo in Frameworks */ = {isa = PBXBuildFile; productRef = 28A21C8E25CEED6B0062C7AC /* Apollo */; };
		28A21C9125CEED6B0062C7AC /* ApolloWebSocket in Frameworks */ = {isa = PBXBuildFile; productRef = 28A21C9025CEED6B0062C7AC /* ApolloWebSocket */; };
		28A21C9B25CEEEBC0062C7AC /* schema.json in Resources */ = {isa = PBXBuildFile; fileRef = 28A21C9A25CEEEBC0062C7AC /* schema.json */; };
		28A21CA025CEEF040062C7AC /* AllBikeRentalStations.graphql in Resources */ = {isa = PBXBuildFile; fileRef = 28A21C9F25CEEF040062C7AC /* AllBikeRentalStations.graphql */; };
		28A21CB625CEF1800062C7AC /* .swiftlint.yml in Resources */ = {isa = PBXBuildFile; fileRef = 28A21CB525CEF1800062C7AC /* .swiftlint.yml */; };
		28B0465825DFDE9100ADFBF1 /* NearbyBikeRentalStationsViewModel.swift in Sources */ = {isa = PBXBuildFile; fileRef = 282D519825DE96BB00523C12 /* NearbyBikeRentalStationsViewModel.swift */; };
		28B0465925DFDE9100ADFBF1 /* NearbyBikeRentalStationsViewModel.swift in Sources */ = {isa = PBXBuildFile; fileRef = 282D519825DE96BB00523C12 /* NearbyBikeRentalStationsViewModel.swift */; };
		28B0465D25E1230A00ADFBF1 /* DetailedBikeRentalStationView.swift in Sources */ = {isa = PBXBuildFile; fileRef = 28B0465C25E1230A00ADFBF1 /* DetailedBikeRentalStationView.swift */; };
		28B0465E25E1230A00ADFBF1 /* DetailedBikeRentalStationView.swift in Sources */ = {isa = PBXBuildFile; fileRef = 28B0465C25E1230A00ADFBF1 /* DetailedBikeRentalStationView.swift */; };
		28B0466225E125FE00ADFBF1 /* DetailedBikeRentalStationViewModel.swift in Sources */ = {isa = PBXBuildFile; fileRef = 28B0466125E125FE00ADFBF1 /* DetailedBikeRentalStationViewModel.swift */; };
		28B0466325E125FE00ADFBF1 /* DetailedBikeRentalStationViewModel.swift in Sources */ = {isa = PBXBuildFile; fileRef = 28B0466125E125FE00ADFBF1 /* DetailedBikeRentalStationViewModel.swift */; };
		28C97BDC25F0C0B90062FA00 /* Reachability in Frameworks */ = {isa = PBXBuildFile; productRef = 28C97BDB25F0C0B90062FA00 /* Reachability */; };
		28C97BE025F0C6580062FA00 /* ReachabilityObserverDelegate.swift in Sources */ = {isa = PBXBuildFile; fileRef = 28C97BDF25F0C6580062FA00 /* ReachabilityObserverDelegate.swift */; };
		28C97BEC25F2082F0062FA00 /* MapViewUIRep.swift in Sources */ = {isa = PBXBuildFile; fileRef = 28C97BEB25F2082F0062FA00 /* MapViewUIRep.swift */; };
		28C97BF225F2473C0062FA00 /* UserSettingsManager.swift in Sources */ = {isa = PBXBuildFile; fileRef = 28C97BF125F2473C0062FA00 /* UserSettingsManager.swift */; };
		28C97BF625F25B0E0062FA00 /* OverlayContentView.swift in Sources */ = {isa = PBXBuildFile; fileRef = 28C97BF525F25B0E0062FA00 /* OverlayContentView.swift */; };
		28C97BFA25F25B2C0062FA00 /* OverlayContentViewController.swift in Sources */ = {isa = PBXBuildFile; fileRef = 28C97BF925F25B2C0062FA00 /* OverlayContentViewController.swift */; };
		28CA9DB625D6B6480050380C /* BikeRentalService.swift in Sources */ = {isa = PBXBuildFile; fileRef = 28CA9DB525D6B6480050380C /* BikeRentalService.swift */; };
		28CA9DB725D6B6480050380C /* BikeRentalService.swift in Sources */ = {isa = PBXBuildFile; fileRef = 28CA9DB525D6B6480050380C /* BikeRentalService.swift */; };
		28CFB61A25D1B3DF002E006A /* BikeRentalStationExtension.swift in Sources */ = {isa = PBXBuildFile; fileRef = 28CFB61925D1B3DF002E006A /* BikeRentalStationExtension.swift */; };
/* End PBXBuildFile section */

/* Begin PBXContainerItemProxy section */
		28335AB225D2BBB700F447D5 /* PBXContainerItemProxy */ = {
			isa = PBXContainerItemProxy;
			containerPortal = 28A21C4F25CEEA140062C7AC /* Project object */;
			proxyType = 1;
			remoteGlobalIDString = 28A21C5625CEEA140062C7AC;
			remoteInfo = HelsinkiBikeBuddy;
		};
/* End PBXContainerItemProxy section */

/* Begin PBXFileReference section */
		2805C8BD25DEB7F700FE7D56 /* ContentViewModel.swift */ = {isa = PBXFileReference; lastKnownFileType = sourcecode.swift; path = ContentViewModel.swift; sourceTree = "<group>"; };
		2805C8C125DFAFA600FE7D56 /* FavoriteMarker.swift */ = {isa = PBXFileReference; lastKnownFileType = sourcecode.swift; path = FavoriteMarker.swift; sourceTree = "<group>"; };
		281C5BA925D01059001502BE /* BikeRentalStationsViewModel.swift */ = {isa = PBXFileReference; lastKnownFileType = sourcecode.swift; path = BikeRentalStationsViewModel.swift; sourceTree = "<group>"; };
		281C5BB225D0111D001502BE /* Helper.swift */ = {isa = PBXFileReference; lastKnownFileType = sourcecode.swift; path = Helper.swift; sourceTree = "<group>"; };
		281C5BBA25D0127E001502BE /* CreateBikeRentalStationViewModel.swift */ = {isa = PBXFileReference; lastKnownFileType = sourcecode.swift; path = CreateBikeRentalStationViewModel.swift; sourceTree = "<group>"; };
		281C5BBF25D01329001502BE /* BikeRentalStationsView.swift */ = {isa = PBXFileReference; lastKnownFileType = sourcecode.swift; path = BikeRentalStationsView.swift; sourceTree = "<group>"; };
		281C5BCF25D01BD0001502BE /* CreateBikeRentalStationView.swift */ = {isa = PBXFileReference; lastKnownFileType = sourcecode.swift; path = CreateBikeRentalStationView.swift; sourceTree = "<group>"; };
		281C5BDD25D0261E001502BE /* BikeRentalStationViewModel.swift */ = {isa = PBXFileReference; lastKnownFileType = sourcecode.swift; path = BikeRentalStationViewModel.swift; sourceTree = "<group>"; };
		281C5BE825D0294D001502BE /* BikeRentalStationView.swift */ = {isa = PBXFileReference; lastKnownFileType = sourcecode.swift; path = BikeRentalStationView.swift; sourceTree = "<group>"; };
		282D519825DE96BB00523C12 /* NearbyBikeRentalStationsViewModel.swift */ = {isa = PBXFileReference; lastKnownFileType = sourcecode.swift; path = NearbyBikeRentalStationsViewModel.swift; sourceTree = "<group>"; };
		282D519D25DE988500523C12 /* FavoriteBikeRentalStationViewModel.swift */ = {isa = PBXFileReference; lastKnownFileType = sourcecode.swift; path = FavoriteBikeRentalStationViewModel.swift; sourceTree = "<group>"; };
		282D51A225DE999B00523C12 /* NearbyBikeRentalStationsView.swift */ = {isa = PBXFileReference; lastKnownFileType = sourcecode.swift; name = NearbyBikeRentalStationsView.swift; path = HelsinkiBikeBuddy/views/NearbyBikeRentalStationsView.swift; sourceTree = SOURCE_ROOT; };
		282D51AD25DE9A5900523C12 /* FavoriteBikeRentalStationsView.swift */ = {isa = PBXFileReference; lastKnownFileType = sourcecode.swift; path = FavoriteBikeRentalStationsView.swift; sourceTree = "<group>"; };
		28335AAD25D2BBB700F447D5 /* BikeRentalStationModelTests.xctest */ = {isa = PBXFileReference; explicitFileType = wrapper.cfbundle; includeInIndex = 0; path = BikeRentalStationModelTests.xctest; sourceTree = BUILT_PRODUCTS_DIR; };
		28335AAF25D2BBB700F447D5 /* BikeRentalStationModelTests.swift */ = {isa = PBXFileReference; lastKnownFileType = sourcecode.swift; path = BikeRentalStationModelTests.swift; sourceTree = "<group>"; };
		28335AB125D2BBB700F447D5 /* Info.plist */ = {isa = PBXFileReference; lastKnownFileType = text.plist.xml; path = Info.plist; sourceTree = "<group>"; };
		28335B4725D3AE3500F447D5 /* CapacityBar.swift */ = {isa = PBXFileReference; lastKnownFileType = sourcecode.swift; path = CapacityBar.swift; sourceTree = "<group>"; };
		28335B5C25D3CAAA00F447D5 /* UserLocationManager.swift */ = {isa = PBXFileReference; lastKnownFileType = sourcecode.swift; path = UserLocationManager.swift; sourceTree = "<group>"; };
		283D90A125D7E0B30007434E /* FetchBikeRentalStationByStationId.graphql */ = {isa = PBXFileReference; lastKnownFileType = text; path = FetchBikeRentalStationByStationId.graphql; sourceTree = "<group>"; };
		285525F525D65CBC00098676 /* BikeRentalStationStorage.swift */ = {isa = PBXFileReference; lastKnownFileType = sourcecode.swift; path = BikeRentalStationStorage.swift; sourceTree = "<group>"; };
		2884BDCE25D00D9000747091 /* BikeRentalStation+CoreDataClass.swift */ = {isa = PBXFileReference; lastKnownFileType = sourcecode.swift; path = "BikeRentalStation+CoreDataClass.swift"; sourceTree = "<group>"; };
		2884BDCF25D00D9000747091 /* BikeRentalStation+CoreDataProperties.swift */ = {isa = PBXFileReference; lastKnownFileType = sourcecode.swift; path = "BikeRentalStation+CoreDataProperties.swift"; sourceTree = "<group>"; };
		2898613925D93D5B0007D137 /* FetchNearByBikeRentalStations.graphql */ = {isa = PBXFileReference; lastKnownFileType = text; path = FetchNearByBikeRentalStations.graphql; sourceTree = "<group>"; };
		2898614025D93F900007D137 /* RentalStation.swift */ = {isa = PBXFileReference; lastKnownFileType = sourcecode.swift; path = RentalStation.swift; sourceTree = "<group>"; };
		2898614825D944C80007D137 /* UnmanagedBikeRentalStation.swift */ = {isa = PBXFileReference; lastKnownFileType = sourcecode.swift; path = UnmanagedBikeRentalStation.swift; sourceTree = "<group>"; };
		28A120A725CEF5DC005CAD77 /* API.swift */ = {isa = PBXFileReference; fileEncoding = 4; lastKnownFileType = sourcecode.swift; path = API.swift; sourceTree = "<group>"; };
		28A21C5725CEEA140062C7AC /* HelsinkiBikeBuddy.app */ = {isa = PBXFileReference; explicitFileType = wrapper.application; includeInIndex = 0; path = HelsinkiBikeBuddy.app; sourceTree = BUILT_PRODUCTS_DIR; };
		28A21C5A25CEEA140062C7AC /* HelsinkiBikeBuddyApp.swift */ = {isa = PBXFileReference; lastKnownFileType = sourcecode.swift; path = HelsinkiBikeBuddyApp.swift; sourceTree = "<group>"; };
		28A21C5C25CEEA140062C7AC /* ContentView.swift */ = {isa = PBXFileReference; lastKnownFileType = sourcecode.swift; path = ContentView.swift; sourceTree = "<group>"; };
		28A21C5E25CEEA150062C7AC /* Assets.xcassets */ = {isa = PBXFileReference; lastKnownFileType = folder.assetcatalog; path = Assets.xcassets; sourceTree = "<group>"; };
		28A21C6125CEEA150062C7AC /* Preview Assets.xcassets */ = {isa = PBXFileReference; lastKnownFileType = folder.assetcatalog; path = "Preview Assets.xcassets"; sourceTree = "<group>"; };
		28A21C6325CEEA150062C7AC /* Persistence.swift */ = {isa = PBXFileReference; lastKnownFileType = sourcecode.swift; path = Persistence.swift; sourceTree = "<group>"; };
		28A21C6625CEEA150062C7AC /* HelsinkiBikeBuddy.xcdatamodel */ = {isa = PBXFileReference; lastKnownFileType = wrapper.xcdatamodel; path = HelsinkiBikeBuddy.xcdatamodel; sourceTree = "<group>"; };
		28A21C6825CEEA150062C7AC /* Info.plist */ = {isa = PBXFileReference; lastKnownFileType = text.plist.xml; path = Info.plist; sourceTree = "<group>"; };
		28A21C9A25CEEEBC0062C7AC /* schema.json */ = {isa = PBXFileReference; fileEncoding = 4; lastKnownFileType = text.json; path = schema.json; sourceTree = "<group>"; };
		28A21C9F25CEEF040062C7AC /* AllBikeRentalStations.graphql */ = {isa = PBXFileReference; lastKnownFileType = text; path = AllBikeRentalStations.graphql; sourceTree = "<group>"; };
		28A21CB525CEF1800062C7AC /* .swiftlint.yml */ = {isa = PBXFileReference; fileEncoding = 4; lastKnownFileType = text.yaml; path = .swiftlint.yml; sourceTree = "<group>"; };
		28B0465C25E1230A00ADFBF1 /* DetailedBikeRentalStationView.swift */ = {isa = PBXFileReference; lastKnownFileType = sourcecode.swift; path = DetailedBikeRentalStationView.swift; sourceTree = "<group>"; };
		28B0466125E125FE00ADFBF1 /* DetailedBikeRentalStationViewModel.swift */ = {isa = PBXFileReference; lastKnownFileType = sourcecode.swift; path = DetailedBikeRentalStationViewModel.swift; sourceTree = "<group>"; };
		28C97BDF25F0C6580062FA00 /* ReachabilityObserverDelegate.swift */ = {isa = PBXFileReference; lastKnownFileType = sourcecode.swift; path = ReachabilityObserverDelegate.swift; sourceTree = "<group>"; };
		28C97BEB25F2082F0062FA00 /* MapViewUIRep.swift */ = {isa = PBXFileReference; lastKnownFileType = sourcecode.swift; path = MapViewUIRep.swift; sourceTree = "<group>"; };
		28C97BF125F2473C0062FA00 /* UserSettingsManager.swift */ = {isa = PBXFileReference; lastKnownFileType = sourcecode.swift; path = UserSettingsManager.swift; sourceTree = "<group>"; };
		28C97BF525F25B0E0062FA00 /* OverlayContentView.swift */ = {isa = PBXFileReference; lastKnownFileType = sourcecode.swift; path = OverlayContentView.swift; sourceTree = "<group>"; };
		28C97BF925F25B2C0062FA00 /* OverlayContentViewController.swift */ = {isa = PBXFileReference; lastKnownFileType = sourcecode.swift; path = OverlayContentViewController.swift; sourceTree = "<group>"; };
		28CA9DB525D6B6480050380C /* BikeRentalService.swift */ = {isa = PBXFileReference; lastKnownFileType = sourcecode.swift; path = BikeRentalService.swift; sourceTree = "<group>"; };
		28CFB61925D1B3DF002E006A /* BikeRentalStationExtension.swift */ = {isa = PBXFileReference; lastKnownFileType = sourcecode.swift; path = BikeRentalStationExtension.swift; sourceTree = "<group>"; };
/* End PBXFileReference section */

/* Begin PBXFrameworksBuildPhase section */
		28335AAA25D2BBB700F447D5 /* Frameworks */ = {
			isa = PBXFrameworksBuildPhase;
			buildActionMask = 2147483647;
			files = (
			);
			runOnlyForDeploymentPostprocessing = 0;
		};
		28A21C5425CEEA140062C7AC /* Frameworks */ = {
			isa = PBXFrameworksBuildPhase;
			buildActionMask = 2147483647;
			files = (
				28A21C8F25CEED6B0062C7AC /* Apollo in Frameworks */,
				28C97BDC25F0C0B90062FA00 /* Reachability in Frameworks */,
				28A21C9125CEED6B0062C7AC /* ApolloWebSocket in Frameworks */,
			);
			runOnlyForDeploymentPostprocessing = 0;
		};
/* End PBXFrameworksBuildPhase section */

/* Begin PBXGroup section */
		281C5BA725D0102F001502BE /* viewmodels */ = {
			isa = PBXGroup;
			children = (
				281C5BA925D01059001502BE /* BikeRentalStationsViewModel.swift */,
				281C5BBA25D0127E001502BE /* CreateBikeRentalStationViewModel.swift */,
				281C5BDD25D0261E001502BE /* BikeRentalStationViewModel.swift */,
				282D519825DE96BB00523C12 /* NearbyBikeRentalStationsViewModel.swift */,
				282D519D25DE988500523C12 /* FavoriteBikeRentalStationViewModel.swift */,
				2805C8BD25DEB7F700FE7D56 /* ContentViewModel.swift */,
				28B0466125E125FE00ADFBF1 /* DetailedBikeRentalStationViewModel.swift */,
				28C97BF925F25B2C0062FA00 /* OverlayContentViewController.swift */,
			);
			path = viewmodels;
			sourceTree = "<group>";
		};
		281C5BA825D0103B001502BE /* views */ = {
			isa = PBXGroup;
			children = (
				282D51A225DE999B00523C12 /* NearbyBikeRentalStationsView.swift */,
				28335B4625D3AE2A00F447D5 /* components */,
				281C5BBF25D01329001502BE /* BikeRentalStationsView.swift */,
				281C5BCF25D01BD0001502BE /* CreateBikeRentalStationView.swift */,
				281C5BE825D0294D001502BE /* BikeRentalStationView.swift */,
				282D51AD25DE9A5900523C12 /* FavoriteBikeRentalStationsView.swift */,
				28B0465C25E1230A00ADFBF1 /* DetailedBikeRentalStationView.swift */,
				28C97BF525F25B0E0062FA00 /* OverlayContentView.swift */,
			);
			path = views;
			sourceTree = "<group>";
		};
		281C5BB125D01115001502BE /* logic */ = {
			isa = PBXGroup;
			children = (
				281C5BB225D0111D001502BE /* Helper.swift */,
				28335B5C25D3CAAA00F447D5 /* UserLocationManager.swift */,
				28C97BF125F2473C0062FA00 /* UserSettingsManager.swift */,
			);
			path = logic;
			sourceTree = "<group>";
		};
		28335AAE25D2BBB700F447D5 /* BikeRentalStationModelTests */ = {
			isa = PBXGroup;
			children = (
				28335AAF25D2BBB700F447D5 /* BikeRentalStationModelTests.swift */,
				28335AB125D2BBB700F447D5 /* Info.plist */,
			);
			path = BikeRentalStationModelTests;
			sourceTree = "<group>";
		};
		28335B4625D3AE2A00F447D5 /* components */ = {
			isa = PBXGroup;
			children = (
				28335B4725D3AE3500F447D5 /* CapacityBar.swift */,
				2805C8C125DFAFA600FE7D56 /* FavoriteMarker.swift */,
				28C97BEB25F2082F0062FA00 /* MapViewUIRep.swift */,
			);
			path = components;
			sourceTree = "<group>";
		};
		2884BDCD25D0098300747091 /* models */ = {
			isa = PBXGroup;
			children = (
				2884BDCE25D00D9000747091 /* BikeRentalStation+CoreDataClass.swift */,
				2884BDCF25D00D9000747091 /* BikeRentalStation+CoreDataProperties.swift */,
				28CFB61925D1B3DF002E006A /* BikeRentalStationExtension.swift */,
				2898614825D944C80007D137 /* UnmanagedBikeRentalStation.swift */,
			);
			path = models;
			sourceTree = "<group>";
		};
		2898613F25D93F800007D137 /* protocols */ = {
			isa = PBXGroup;
			children = (
				2898614025D93F900007D137 /* RentalStation.swift */,
			);
			path = protocols;
			sourceTree = "<group>";
		};
		28A21C4E25CEEA140062C7AC = {
			isa = PBXGroup;
			children = (
				28A21C5925CEEA140062C7AC /* HelsinkiBikeBuddy */,
				28335AAE25D2BBB700F447D5 /* BikeRentalStationModelTests */,
				28A21C5825CEEA140062C7AC /* Products */,
			);
			sourceTree = "<group>";
		};
		28A21C5825CEEA140062C7AC /* Products */ = {
			isa = PBXGroup;
			children = (
				28A21C5725CEEA140062C7AC /* HelsinkiBikeBuddy.app */,
				28335AAD25D2BBB700F447D5 /* BikeRentalStationModelTests.xctest */,
			);
			name = Products;
			sourceTree = "<group>";
		};
		28A21C5925CEEA140062C7AC /* HelsinkiBikeBuddy */ = {
			isa = PBXGroup;
			children = (
				28A21CB525CEF1800062C7AC /* .swiftlint.yml */,
				28CFB61E25D1B6E4002E006A /* persistance */,
				281C5BB125D01115001502BE /* logic */,
				281C5BA825D0103B001502BE /* views */,
				2884BDCD25D0098300747091 /* models */,
				2898613F25D93F800007D137 /* protocols */,
				281C5BA725D0102F001502BE /* viewmodels */,
				28A21C9625CEEDCD0062C7AC /* services */,
				28A21C5A25CEEA140062C7AC /* HelsinkiBikeBuddyApp.swift */,
				28A21C5C25CEEA140062C7AC /* ContentView.swift */,
				28A21C5E25CEEA150062C7AC /* Assets.xcassets */,
				28A21C6325CEEA150062C7AC /* Persistence.swift */,
				28A21C6825CEEA150062C7AC /* Info.plist */,
				28A21C6525CEEA150062C7AC /* HelsinkiBikeBuddy.xcdatamodeld */,
				28A21C6025CEEA150062C7AC /* Preview Content */,
			);
			path = HelsinkiBikeBuddy;
			sourceTree = "<group>";
		};
		28A21C6025CEEA150062C7AC /* Preview Content */ = {
			isa = PBXGroup;
			children = (
				28A21C6125CEEA150062C7AC /* Preview Assets.xcassets */,
			);
			path = "Preview Content";
			sourceTree = "<group>";
		};
		28A21C9625CEEDCD0062C7AC /* services */ = {
			isa = PBXGroup;
			children = (
				28A120A725CEF5DC005CAD77 /* API.swift */,
				28A21C9825CEEDF30062C7AC /* graphql */,
				28CA9DB525D6B6480050380C /* BikeRentalService.swift */,
				28C97BDF25F0C6580062FA00 /* ReachabilityObserverDelegate.swift */,
			);
			path = services;
			sourceTree = "<group>";
		};
		28A21C9825CEEDF30062C7AC /* graphql */ = {
			isa = PBXGroup;
			children = (
				28A21C9A25CEEEBC0062C7AC /* schema.json */,
				28A21C9F25CEEF040062C7AC /* AllBikeRentalStations.graphql */,
				283D90A125D7E0B30007434E /* FetchBikeRentalStationByStationId.graphql */,
				2898613925D93D5B0007D137 /* FetchNearByBikeRentalStations.graphql */,
			);
			path = graphql;
			sourceTree = "<group>";
		};
		28CFB61E25D1B6E4002E006A /* persistance */ = {
			isa = PBXGroup;
			children = (
				285525F525D65CBC00098676 /* BikeRentalStationStorage.swift */,
			);
			path = persistance;
			sourceTree = "<group>";
		};
/* End PBXGroup section */

/* Begin PBXNativeTarget section */
		28335AAC25D2BBB700F447D5 /* BikeRentalStationModelTests */ = {
			isa = PBXNativeTarget;
			buildConfigurationList = 28335AB625D2BBB700F447D5 /* Build configuration list for PBXNativeTarget "BikeRentalStationModelTests" */;
			buildPhases = (
				28335AA925D2BBB700F447D5 /* Sources */,
				28335AAA25D2BBB700F447D5 /* Frameworks */,
				28335AAB25D2BBB700F447D5 /* Resources */,
			);
			buildRules = (
			);
			dependencies = (
				28335AB325D2BBB700F447D5 /* PBXTargetDependency */,
			);
			name = BikeRentalStationModelTests;
			productName = BikeRentalStationModelTests;
			productReference = 28335AAD25D2BBB700F447D5 /* BikeRentalStationModelTests.xctest */;
			productType = "com.apple.product-type.bundle.unit-test";
		};
		28A21C5625CEEA140062C7AC /* HelsinkiBikeBuddy */ = {
			isa = PBXNativeTarget;
			buildConfigurationList = 28A21C8125CEEA150062C7AC /* Build configuration list for PBXNativeTarget "HelsinkiBikeBuddy" */;
			buildPhases = (
				28A21C9525CEEDB00062C7AC /* Apollo CLI */,
				28A21C9925CEEE9D0062C7AC /* SwiftLint */,
				28A21C5325CEEA140062C7AC /* Sources */,
				28A21C5425CEEA140062C7AC /* Frameworks */,
				28A21C5525CEEA140062C7AC /* Resources */,
			);
			buildRules = (
			);
			dependencies = (
			);
			name = HelsinkiBikeBuddy;
			packageProductDependencies = (
				28A21C8E25CEED6B0062C7AC /* Apollo */,
				28A21C9025CEED6B0062C7AC /* ApolloWebSocket */,
				28C97BDB25F0C0B90062FA00 /* Reachability */,
			);
			productName = HelsinkiBikeBuddy;
			productReference = 28A21C5725CEEA140062C7AC /* HelsinkiBikeBuddy.app */;
			productType = "com.apple.product-type.application";
		};
/* End PBXNativeTarget section */

/* Begin PBXProject section */
		28A21C4F25CEEA140062C7AC /* Project object */ = {
			isa = PBXProject;
			attributes = {
				LastSwiftUpdateCheck = 1220;
				LastUpgradeCheck = 1220;
				TargetAttributes = {
					28335AAC25D2BBB700F447D5 = {
						CreatedOnToolsVersion = 12.2;
						TestTargetID = 28A21C5625CEEA140062C7AC;
					};
					28A21C5625CEEA140062C7AC = {
						CreatedOnToolsVersion = 12.2;
					};
				};
			};
			buildConfigurationList = 28A21C5225CEEA140062C7AC /* Build configuration list for PBXProject "HelsinkiBikeBuddy" */;
			compatibilityVersion = "Xcode 9.3";
			developmentRegion = en;
			hasScannedForEncodings = 0;
			knownRegions = (
				en,
				Base,
			);
			mainGroup = 28A21C4E25CEEA140062C7AC;
			packageReferences = (
				28A21C8D25CEED6B0062C7AC /* XCRemoteSwiftPackageReference "apollo-ios" */,
				28C97BDA25F0C0B80062FA00 /* XCRemoteSwiftPackageReference "Reachability" */,
			);
			productRefGroup = 28A21C5825CEEA140062C7AC /* Products */;
			projectDirPath = "";
			projectRoot = "";
			targets = (
				28A21C5625CEEA140062C7AC /* HelsinkiBikeBuddy */,
				28335AAC25D2BBB700F447D5 /* BikeRentalStationModelTests */,
			);
		};
/* End PBXProject section */

/* Begin PBXResourcesBuildPhase section */
		28335AAB25D2BBB700F447D5 /* Resources */ = {
			isa = PBXResourcesBuildPhase;
			buildActionMask = 2147483647;
			files = (
			);
			runOnlyForDeploymentPostprocessing = 0;
		};
		28A21C5525CEEA140062C7AC /* Resources */ = {
			isa = PBXResourcesBuildPhase;
			buildActionMask = 2147483647;
			files = (
				28A21CB625CEF1800062C7AC /* .swiftlint.yml in Resources */,
				28A21C6225CEEA150062C7AC /* Preview Assets.xcassets in Resources */,
				28A21C9B25CEEEBC0062C7AC /* schema.json in Resources */,
				28A21C5F25CEEA150062C7AC /* Assets.xcassets in Resources */,
				2898613A25D93D5B0007D137 /* FetchNearByBikeRentalStations.graphql in Resources */,
				28A21CA025CEEF040062C7AC /* AllBikeRentalStations.graphql in Resources */,
				283D90A225D7E0B30007434E /* FetchBikeRentalStationByStationId.graphql in Resources */,
			);
			runOnlyForDeploymentPostprocessing = 0;
		};
/* End PBXResourcesBuildPhase section */

/* Begin PBXShellScriptBuildPhase section */
		28A21C9525CEEDB00062C7AC /* Apollo CLI */ = {
			isa = PBXShellScriptBuildPhase;
			buildActionMask = 2147483647;
			files = (
			);
			inputFileListPaths = (
			);
			inputPaths = (
			);
			name = "Apollo CLI";
			outputFileListPaths = (
			);
			outputPaths = (
			);
			runOnlyForDeploymentPostprocessing = 0;
			shellPath = /bin/sh;
			shellScript = "# Go to the build root and search up the chain to find the Derived Data Path where the source packages are checked out.\nDERIVED_DATA_CANDIDATE=\"${BUILD_ROOT}\"\n\nwhile ! [ -d \"${DERIVED_DATA_CANDIDATE}/SourcePackages\" ]; do\n  if [ \"${DERIVED_DATA_CANDIDATE}\" = / ]; then\n    echo >&2 \"error: Unable to locate SourcePackages directory from BUILD_ROOT: '${BUILD_ROOT}'\"\n    exit 1\n  fi\n\n  DERIVED_DATA_CANDIDATE=\"$(dirname \"${DERIVED_DATA_CANDIDATE}\")\"\ndone\n\n# Grab a reference to the directory where scripts are checked out\nSCRIPT_PATH=\"${DERIVED_DATA_CANDIDATE}/SourcePackages/checkouts/apollo-ios/scripts\"\n\nif [ -z \"${SCRIPT_PATH}\" ]; then\n    echo >&2 \"error: Couldn't find the CLI script in your checked out SPM packages; make sure to add the framework to your project.\"\n    exit 1\nfi\n\ncd \"${SRCROOT}/${TARGET_NAME}\"\n\"${SCRIPT_PATH}\"/run-bundled-codegen.sh codegen:generate --target=swift --includes=./**/*.graphql --localSchemaFile=\"services/graphql/schema.json\" services/API.swift\n";
		};
		28A21C9925CEEE9D0062C7AC /* SwiftLint */ = {
			isa = PBXShellScriptBuildPhase;
			buildActionMask = 2147483647;
			files = (
			);
			inputFileListPaths = (
			);
			inputPaths = (
			);
			name = SwiftLint;
			outputFileListPaths = (
			);
			outputPaths = (
			);
			runOnlyForDeploymentPostprocessing = 0;
			shellPath = /bin/sh;
			shellScript = "if which swiftlint >/dev/null; then\n  swiftlint autocorrect && swiftlint\nelse\n  echo \"warning: SwiftLint not installed, download from https://github.com/realm/SwiftLint\"\nfi\n\n";
		};
/* End PBXShellScriptBuildPhase section */

/* Begin PBXSourcesBuildPhase section */
		28335AA925D2BBB700F447D5 /* Sources */ = {
			isa = PBXSourcesBuildPhase;
			buildActionMask = 2147483647;
			files = (
				28B0465E25E1230A00ADFBF1 /* DetailedBikeRentalStationView.swift in Sources */,
				28335ABB25D2BCFD00F447D5 /* HelsinkiBikeBuddyApp.swift in Sources */,
				285525F925D65CC100098676 /* BikeRentalStationStorage.swift in Sources */,
				282D51AF25DE9A5900523C12 /* FavoriteBikeRentalStationsView.swift in Sources */,
				28335AD325D2BD1000F447D5 /* CreateBikeRentalStationView.swift in Sources */,
				28335ACC25D2BD1000F447D5 /* BikeRentalStationsViewModel.swift in Sources */,
				28B0465925DFDE9100ADFBF1 /* NearbyBikeRentalStationsViewModel.swift in Sources */,
				2805C8C325DFAFA600FE7D56 /* FavoriteMarker.swift in Sources */,
				28335AD725D2BD1000F447D5 /* CreateBikeRentalStationViewModel.swift in Sources */,
				28335AD525D2BD1000F447D5 /* BikeRentalStationsView.swift in Sources */,
				28335B0025D2BF3200F447D5 /* BikeRentalStationExtension.swift in Sources */,
				28335AD125D2BD1000F447D5 /* BikeRentalStationViewModel.swift in Sources */,
				28335ACE25D2BD1000F447D5 /* BikeRentalStation+CoreDataClass.swift in Sources */,
				28335ABD25D2BCFD00F447D5 /* Persistence.swift in Sources */,
				282D51A425DE999B00523C12 /* NearbyBikeRentalStationsView.swift in Sources */,
				28CA9DB725D6B6480050380C /* BikeRentalService.swift in Sources */,
				28335ACF25D2BD1000F447D5 /* BikeRentalStationView.swift in Sources */,
				28335AB025D2BBB700F447D5 /* BikeRentalStationModelTests.swift in Sources */,
				282D519F25DE988500523C12 /* FavoriteBikeRentalStationViewModel.swift in Sources */,
				28335B6025D3CAAA00F447D5 /* UserLocationManager.swift in Sources */,
				28B0466325E125FE00ADFBF1 /* DetailedBikeRentalStationViewModel.swift in Sources */,
				28335AD025D2BD1000F447D5 /* BikeRentalStation+CoreDataProperties.swift in Sources */,
				28335ABC25D2BCFD00F447D5 /* ContentView.swift in Sources */,
				28335ACD25D2BD1000F447D5 /* Helper.swift in Sources */,
				28335B4B25D3AE3500F447D5 /* CapacityBar.swift in Sources */,
			);
			runOnlyForDeploymentPostprocessing = 0;
		};
		28A21C5325CEEA140062C7AC /* Sources */ = {
			isa = PBXSourcesBuildPhase;
			buildActionMask = 2147483647;
			files = (
				28A21C6725CEEA150062C7AC /* HelsinkiBikeBuddy.xcdatamodeld in Sources */,
				28C97BEC25F2082F0062FA00 /* MapViewUIRep.swift in Sources */,
				2884BDD025D00D9000747091 /* BikeRentalStation+CoreDataClass.swift in Sources */,
				28C97BFA25F25B2C0062FA00 /* OverlayContentViewController.swift in Sources */,
				281C5BE925D0294D001502BE /* BikeRentalStationView.swift in Sources */,
				2884BDD125D00D9000747091 /* BikeRentalStation+CoreDataProperties.swift in Sources */,
				28B0465D25E1230A00ADFBF1 /* DetailedBikeRentalStationView.swift in Sources */,
				28CA9DB625D6B6480050380C /* BikeRentalService.swift in Sources */,
				2898614125D93F900007D137 /* RentalStation.swift in Sources */,
				28A21C6425CEEA150062C7AC /* Persistence.swift in Sources */,
				2805C8C225DFAFA600FE7D56 /* FavoriteMarker.swift in Sources */,
				28A21C5D25CEEA140062C7AC /* ContentView.swift in Sources */,
				28CFB61A25D1B3DF002E006A /* BikeRentalStationExtension.swift in Sources */,
				281C5BB325D0111D001502BE /* Helper.swift in Sources */,
				282D51A325DE999B00523C12 /* NearbyBikeRentalStationsView.swift in Sources */,
				28C97BE025F0C6580062FA00 /* ReachabilityObserverDelegate.swift in Sources */,
				28B0465825DFDE9100ADFBF1 /* NearbyBikeRentalStationsViewModel.swift in Sources */,
				28B0466225E125FE00ADFBF1 /* DetailedBikeRentalStationViewModel.swift in Sources */,
				282D519E25DE988500523C12 /* FavoriteBikeRentalStationViewModel.swift in Sources */,
				281C5BC025D01329001502BE /* BikeRentalStationsView.swift in Sources */,
				28C97BF625F25B0E0062FA00 /* OverlayContentView.swift in Sources */,
				2805C8BE25DEB7F700FE7D56 /* ContentViewModel.swift in Sources */,
				281C5BD025D01BD0001502BE /* CreateBikeRentalStationView.swift in Sources */,
				28A21C5B25CEEA140062C7AC /* HelsinkiBikeBuddyApp.swift in Sources */,
				281C5BBB25D0127E001502BE /* CreateBikeRentalStationViewModel.swift in Sources */,
				281C5BAA25D01059001502BE /* BikeRentalStationsViewModel.swift in Sources */,
				285525F625D65CBC00098676 /* BikeRentalStationStorage.swift in Sources */,
				28A120A825CEF5DC005CAD77 /* API.swift in Sources */,
				281C5BDE25D0261E001502BE /* BikeRentalStationViewModel.swift in Sources */,
				28335B4825D3AE3500F447D5 /* CapacityBar.swift in Sources */,
				28335B5D25D3CAAA00F447D5 /* UserLocationManager.swift in Sources */,
				2898614925D944C80007D137 /* UnmanagedBikeRentalStation.swift in Sources */,
				282D51AE25DE9A5900523C12 /* FavoriteBikeRentalStationsView.swift in Sources */,
				28C97BF225F2473C0062FA00 /* UserSettingsManager.swift in Sources */,
			);
			runOnlyForDeploymentPostprocessing = 0;
		};
/* End PBXSourcesBuildPhase section */

/* Begin PBXTargetDependency section */
		28335AB325D2BBB700F447D5 /* PBXTargetDependency */ = {
			isa = PBXTargetDependency;
			target = 28A21C5625CEEA140062C7AC /* HelsinkiBikeBuddy */;
			targetProxy = 28335AB225D2BBB700F447D5 /* PBXContainerItemProxy */;
		};
/* End PBXTargetDependency section */

/* Begin XCBuildConfiguration section */
		28335AB425D2BBB700F447D5 /* Debug */ = {
			isa = XCBuildConfiguration;
			buildSettings = {
				BUNDLE_LOADER = "$(TEST_HOST)";
				CODE_SIGN_STYLE = Automatic;
				DEVELOPMENT_TEAM = H9XF3442XB;
				INFOPLIST_FILE = BikeRentalStationModelTests/Info.plist;
				LD_RUNPATH_SEARCH_PATHS = (
					"$(inherited)",
					"@executable_path/Frameworks",
					"@loader_path/Frameworks",
				);
				PRODUCT_BUNDLE_IDENTIFIER = com.juanito.BikeRentalStationModelTests;
				PRODUCT_NAME = "$(TARGET_NAME)";
				SWIFT_VERSION = 5.0;
				TARGETED_DEVICE_FAMILY = "1,2";
				TEST_HOST = "$(BUILT_PRODUCTS_DIR)/HelsinkiBikeBuddy.app/HelsinkiBikeBuddy";
			};
			name = Debug;
		};
		28335AB525D2BBB700F447D5 /* Release */ = {
			isa = XCBuildConfiguration;
			buildSettings = {
				BUNDLE_LOADER = "$(TEST_HOST)";
				CODE_SIGN_STYLE = Automatic;
				DEVELOPMENT_TEAM = H9XF3442XB;
				INFOPLIST_FILE = BikeRentalStationModelTests/Info.plist;
				LD_RUNPATH_SEARCH_PATHS = (
					"$(inherited)",
					"@executable_path/Frameworks",
					"@loader_path/Frameworks",
				);
				PRODUCT_BUNDLE_IDENTIFIER = com.juanito.BikeRentalStationModelTests;
				PRODUCT_NAME = "$(TARGET_NAME)";
				SWIFT_VERSION = 5.0;
				TARGETED_DEVICE_FAMILY = "1,2";
				TEST_HOST = "$(BUILT_PRODUCTS_DIR)/HelsinkiBikeBuddy.app/HelsinkiBikeBuddy";
			};
			name = Release;
		};
		28A21C7F25CEEA150062C7AC /* Debug */ = {
			isa = XCBuildConfiguration;
			buildSettings = {
				ALWAYS_SEARCH_USER_PATHS = NO;
				CLANG_ANALYZER_NONNULL = YES;
				CLANG_ANALYZER_NUMBER_OBJECT_CONVERSION = YES_AGGRESSIVE;
				CLANG_CXX_LANGUAGE_STANDARD = "gnu++14";
				CLANG_CXX_LIBRARY = "libc++";
				CLANG_ENABLE_MODULES = YES;
				CLANG_ENABLE_OBJC_ARC = YES;
				CLANG_ENABLE_OBJC_WEAK = YES;
				CLANG_WARN_BLOCK_CAPTURE_AUTORELEASING = YES;
				CLANG_WARN_BOOL_CONVERSION = YES;
				CLANG_WARN_COMMA = YES;
				CLANG_WARN_CONSTANT_CONVERSION = YES;
				CLANG_WARN_DEPRECATED_OBJC_IMPLEMENTATIONS = YES;
				CLANG_WARN_DIRECT_OBJC_ISA_USAGE = YES_ERROR;
				CLANG_WARN_DOCUMENTATION_COMMENTS = YES;
				CLANG_WARN_EMPTY_BODY = YES;
				CLANG_WARN_ENUM_CONVERSION = YES;
				CLANG_WARN_INFINITE_RECURSION = YES;
				CLANG_WARN_INT_CONVERSION = YES;
				CLANG_WARN_NON_LITERAL_NULL_CONVERSION = YES;
				CLANG_WARN_OBJC_IMPLICIT_RETAIN_SELF = YES;
				CLANG_WARN_OBJC_LITERAL_CONVERSION = YES;
				CLANG_WARN_OBJC_ROOT_CLASS = YES_ERROR;
				CLANG_WARN_QUOTED_INCLUDE_IN_FRAMEWORK_HEADER = YES;
				CLANG_WARN_RANGE_LOOP_ANALYSIS = YES;
				CLANG_WARN_STRICT_PROTOTYPES = YES;
				CLANG_WARN_SUSPICIOUS_MOVE = YES;
				CLANG_WARN_UNGUARDED_AVAILABILITY = YES_AGGRESSIVE;
				CLANG_WARN_UNREACHABLE_CODE = YES;
				CLANG_WARN__DUPLICATE_METHOD_MATCH = YES;
				COPY_PHASE_STRIP = NO;
				DEBUG_INFORMATION_FORMAT = dwarf;
				ENABLE_STRICT_OBJC_MSGSEND = YES;
				ENABLE_TESTABILITY = YES;
				GCC_C_LANGUAGE_STANDARD = gnu11;
				GCC_DYNAMIC_NO_PIC = NO;
				GCC_NO_COMMON_BLOCKS = YES;
				GCC_OPTIMIZATION_LEVEL = 0;
				GCC_PREPROCESSOR_DEFINITIONS = (
					"DEBUG=1",
					"$(inherited)",
				);
				GCC_WARN_64_TO_32_BIT_CONVERSION = YES;
				GCC_WARN_ABOUT_RETURN_TYPE = YES_ERROR;
				GCC_WARN_UNDECLARED_SELECTOR = YES;
				GCC_WARN_UNINITIALIZED_AUTOS = YES_AGGRESSIVE;
				GCC_WARN_UNUSED_FUNCTION = YES;
				GCC_WARN_UNUSED_VARIABLE = YES;
				IPHONEOS_DEPLOYMENT_TARGET = 14.2;
				MTL_ENABLE_DEBUG_INFO = INCLUDE_SOURCE;
				MTL_FAST_MATH = YES;
				ONLY_ACTIVE_ARCH = YES;
				SDKROOT = iphoneos;
				SWIFT_ACTIVE_COMPILATION_CONDITIONS = DEBUG;
				SWIFT_OPTIMIZATION_LEVEL = "-Onone";
			};
			name = Debug;
		};
		28A21C8025CEEA150062C7AC /* Release */ = {
			isa = XCBuildConfiguration;
			buildSettings = {
				ALWAYS_SEARCH_USER_PATHS = NO;
				CLANG_ANALYZER_NONNULL = YES;
				CLANG_ANALYZER_NUMBER_OBJECT_CONVERSION = YES_AGGRESSIVE;
				CLANG_CXX_LANGUAGE_STANDARD = "gnu++14";
				CLANG_CXX_LIBRARY = "libc++";
				CLANG_ENABLE_MODULES = YES;
				CLANG_ENABLE_OBJC_ARC = YES;
				CLANG_ENABLE_OBJC_WEAK = YES;
				CLANG_WARN_BLOCK_CAPTURE_AUTORELEASING = YES;
				CLANG_WARN_BOOL_CONVERSION = YES;
				CLANG_WARN_COMMA = YES;
				CLANG_WARN_CONSTANT_CONVERSION = YES;
				CLANG_WARN_DEPRECATED_OBJC_IMPLEMENTATIONS = YES;
				CLANG_WARN_DIRECT_OBJC_ISA_USAGE = YES_ERROR;
				CLANG_WARN_DOCUMENTATION_COMMENTS = YES;
				CLANG_WARN_EMPTY_BODY = YES;
				CLANG_WARN_ENUM_CONVERSION = YES;
				CLANG_WARN_INFINITE_RECURSION = YES;
				CLANG_WARN_INT_CONVERSION = YES;
				CLANG_WARN_NON_LITERAL_NULL_CONVERSION = YES;
				CLANG_WARN_OBJC_IMPLICIT_RETAIN_SELF = YES;
				CLANG_WARN_OBJC_LITERAL_CONVERSION = YES;
				CLANG_WARN_OBJC_ROOT_CLASS = YES_ERROR;
				CLANG_WARN_QUOTED_INCLUDE_IN_FRAMEWORK_HEADER = YES;
				CLANG_WARN_RANGE_LOOP_ANALYSIS = YES;
				CLANG_WARN_STRICT_PROTOTYPES = YES;
				CLANG_WARN_SUSPICIOUS_MOVE = YES;
				CLANG_WARN_UNGUARDED_AVAILABILITY = YES_AGGRESSIVE;
				CLANG_WARN_UNREACHABLE_CODE = YES;
				CLANG_WARN__DUPLICATE_METHOD_MATCH = YES;
				COPY_PHASE_STRIP = NO;
				DEBUG_INFORMATION_FORMAT = "dwarf-with-dsym";
				ENABLE_NS_ASSERTIONS = NO;
				ENABLE_STRICT_OBJC_MSGSEND = YES;
				GCC_C_LANGUAGE_STANDARD = gnu11;
				GCC_NO_COMMON_BLOCKS = YES;
				GCC_WARN_64_TO_32_BIT_CONVERSION = YES;
				GCC_WARN_ABOUT_RETURN_TYPE = YES_ERROR;
				GCC_WARN_UNDECLARED_SELECTOR = YES;
				GCC_WARN_UNINITIALIZED_AUTOS = YES_AGGRESSIVE;
				GCC_WARN_UNUSED_FUNCTION = YES;
				GCC_WARN_UNUSED_VARIABLE = YES;
				IPHONEOS_DEPLOYMENT_TARGET = 14.2;
				MTL_ENABLE_DEBUG_INFO = NO;
				MTL_FAST_MATH = YES;
				SDKROOT = iphoneos;
				SWIFT_COMPILATION_MODE = wholemodule;
				SWIFT_OPTIMIZATION_LEVEL = "-O";
				VALIDATE_PRODUCT = YES;
			};
			name = Release;
		};
		28A21C8225CEEA150062C7AC /* Debug */ = {
			isa = XCBuildConfiguration;
			buildSettings = {
				ASSETCATALOG_COMPILER_APPICON_NAME = AppIcon;
				ASSETCATALOG_COMPILER_GLOBAL_ACCENT_COLOR_NAME = AccentColor;
				CODE_SIGN_STYLE = Automatic;
				DEVELOPMENT_ASSET_PATHS = "\"HelsinkiBikeBuddy/Preview Content\"";
				DEVELOPMENT_TEAM = H9XF3442XB;
				ENABLE_PREVIEWS = YES;
				INFOPLIST_FILE = HelsinkiBikeBuddy/Info.plist;
				IPHONEOS_DEPLOYMENT_TARGET = 14.0;
				LD_RUNPATH_SEARCH_PATHS = (
					"$(inherited)",
					"@executable_path/Frameworks",
				);
				PRODUCT_BUNDLE_IDENTIFIER = com.juanito.HelsinkiBikeBuddy;
				PRODUCT_NAME = "$(TARGET_NAME)";
				SWIFT_VERSION = 5.0;
				TARGETED_DEVICE_FAMILY = "1,2";
			};
			name = Debug;
		};
		28A21C8325CEEA150062C7AC /* Release */ = {
			isa = XCBuildConfiguration;
			buildSettings = {
				ASSETCATALOG_COMPILER_APPICON_NAME = AppIcon;
				ASSETCATALOG_COMPILER_GLOBAL_ACCENT_COLOR_NAME = AccentColor;
				CODE_SIGN_STYLE = Automatic;
				DEVELOPMENT_ASSET_PATHS = "\"HelsinkiBikeBuddy/Preview Content\"";
				DEVELOPMENT_TEAM = H9XF3442XB;
				ENABLE_PREVIEWS = YES;
				INFOPLIST_FILE = HelsinkiBikeBuddy/Info.plist;
				IPHONEOS_DEPLOYMENT_TARGET = 14.0;
				LD_RUNPATH_SEARCH_PATHS = (
					"$(inherited)",
					"@executable_path/Frameworks",
				);
				PRODUCT_BUNDLE_IDENTIFIER = com.juanito.HelsinkiBikeBuddy;
				PRODUCT_NAME = "$(TARGET_NAME)";
				SWIFT_VERSION = 5.0;
				TARGETED_DEVICE_FAMILY = "1,2";
			};
			name = Release;
		};
/* End XCBuildConfiguration section */

/* Begin XCConfigurationList section */
		28335AB625D2BBB700F447D5 /* Build configuration list for PBXNativeTarget "BikeRentalStationModelTests" */ = {
			isa = XCConfigurationList;
			buildConfigurations = (
				28335AB425D2BBB700F447D5 /* Debug */,
				28335AB525D2BBB700F447D5 /* Release */,
			);
			defaultConfigurationIsVisible = 0;
			defaultConfigurationName = Release;
		};
		28A21C5225CEEA140062C7AC /* Build configuration list for PBXProject "HelsinkiBikeBuddy" */ = {
			isa = XCConfigurationList;
			buildConfigurations = (
				28A21C7F25CEEA150062C7AC /* Debug */,
				28A21C8025CEEA150062C7AC /* Release */,
			);
			defaultConfigurationIsVisible = 0;
			defaultConfigurationName = Release;
		};
		28A21C8125CEEA150062C7AC /* Build configuration list for PBXNativeTarget "HelsinkiBikeBuddy" */ = {
			isa = XCConfigurationList;
			buildConfigurations = (
				28A21C8225CEEA150062C7AC /* Debug */,
				28A21C8325CEEA150062C7AC /* Release */,
			);
			defaultConfigurationIsVisible = 0;
			defaultConfigurationName = Release;
		};
/* End XCConfigurationList section */

/* Begin XCRemoteSwiftPackageReference section */
		28A21C8D25CEED6B0062C7AC /* XCRemoteSwiftPackageReference "apollo-ios" */ = {
			isa = XCRemoteSwiftPackageReference;
			repositoryURL = "https://github.com/apollographql/apollo-ios.git";
			requirement = {
				kind = upToNextMinorVersion;
				minimumVersion = 0.41.0;
			};
		};
		28C97BDA25F0C0B80062FA00 /* XCRemoteSwiftPackageReference "Reachability" */ = {
			isa = XCRemoteSwiftPackageReference;
			repositoryURL = "https://github.com/ashleymills/Reachability.swift";
			requirement = {
				kind = upToNextMajorVersion;
				minimumVersion = 5.1.0;
			};
		};
/* End XCRemoteSwiftPackageReference section */

/* Begin XCSwiftPackageProductDependency section */
		28A21C8E25CEED6B0062C7AC /* Apollo */ = {
			isa = XCSwiftPackageProductDependency;
			package = 28A21C8D25CEED6B0062C7AC /* XCRemoteSwiftPackageReference "apollo-ios" */;
			productName = Apollo;
		};
		28A21C9025CEED6B0062C7AC /* ApolloWebSocket */ = {
			isa = XCSwiftPackageProductDependency;
			package = 28A21C8D25CEED6B0062C7AC /* XCRemoteSwiftPackageReference "apollo-ios" */;
			productName = ApolloWebSocket;
		};
		28C97BDB25F0C0B90062FA00 /* Reachability */ = {
			isa = XCSwiftPackageProductDependency;
			package = 28C97BDA25F0C0B80062FA00 /* XCRemoteSwiftPackageReference "Reachability" */;
			productName = Reachability;
		};
/* End XCSwiftPackageProductDependency section */

/* Begin XCVersionGroup section */
		28A21C6525CEEA150062C7AC /* HelsinkiBikeBuddy.xcdatamodeld */ = {
			isa = XCVersionGroup;
			children = (
				28A21C6625CEEA150062C7AC /* HelsinkiBikeBuddy.xcdatamodel */,
			);
			currentVersion = 28A21C6625CEEA150062C7AC /* HelsinkiBikeBuddy.xcdatamodel */;
			path = HelsinkiBikeBuddy.xcdatamodeld;
			sourceTree = "<group>";
			versionGroupType = wrapper.xcdatamodel;
		};
/* End XCVersionGroup section */
	};
	rootObject = 28A21C4F25CEEA140062C7AC /* Project object */;
}
